// !$*UTF8*$!
{
	archiveVersion = 1;
	classes = {
	};
	objectVersion = 56;
	objects = {

/* Begin PBXBuildFile section */
		5E63F3972BD68AB600DD5401 /* AppDelegate.swift in Sources */ = {isa = PBXBuildFile; fileRef = 5E63F3962BD68AB600DD5401 /* AppDelegate.swift */; };
		5E63F3992BD68AB600DD5401 /* SceneDelegate.swift in Sources */ = {isa = PBXBuildFile; fileRef = 5E63F3982BD68AB600DD5401 /* SceneDelegate.swift */; };
		5E63F39B2BD68AB600DD5401 /* ViewController.swift in Sources */ = {isa = PBXBuildFile; fileRef = 5E63F39A2BD68AB600DD5401 /* ViewController.swift */; };
		5E63F3A12BD68AB600DD5401 /* CinemaStar.xcdatamodeld in Sources */ = {isa = PBXBuildFile; fileRef = 5E63F39F2BD68AB600DD5401 /* CinemaStar.xcdatamodeld */; };
		5E63F3A32BD68AB700DD5401 /* Assets.xcassets in Resources */ = {isa = PBXBuildFile; fileRef = 5E63F3A22BD68AB700DD5401 /* Assets.xcassets */; };
		5E63F3A62BD68AB700DD5401 /* LaunchScreen.storyboard in Resources */ = {isa = PBXBuildFile; fileRef = 5E63F3A42BD68AB700DD5401 /* LaunchScreen.storyboard */; };
		5E63F3B12BD68AB800DD5401 /* CinemaStarTests.swift in Sources */ = {isa = PBXBuildFile; fileRef = 5E63F3B02BD68AB800DD5401 /* CinemaStarTests.swift */; };
		5E63F3BB2BD68AB800DD5401 /* CinemaStarUITests.swift in Sources */ = {isa = PBXBuildFile; fileRef = 5E63F3BA2BD68AB800DD5401 /* CinemaStarUITests.swift */; };
		5E63F3BD2BD68AB800DD5401 /* CinemaStarUITestsLaunchTests.swift in Sources */ = {isa = PBXBuildFile; fileRef = 5E63F3BC2BD68AB800DD5401 /* CinemaStarUITestsLaunchTests.swift */; };
		5E63F3CD2BD69E1B00DD5401 /* BaseCoordinator.swift in Sources */ = {isa = PBXBuildFile; fileRef = 5E63F3CC2BD69E1B00DD5401 /* BaseCoordinator.swift */; };
		5E63F3CF2BD69E9400DD5401 /* AppCoordinator.swift in Sources */ = {isa = PBXBuildFile; fileRef = 5E63F3CE2BD69E9400DD5401 /* AppCoordinator.swift */; };
		5E63F3D22BD69F1B00DD5401 /* Builder.swift in Sources */ = {isa = PBXBuildFile; fileRef = 5E63F3D12BD69F1B00DD5401 /* Builder.swift */; };
		5E63F3E52BD6A6EC00DD5401 /* MoviesViewController.swift in Sources */ = {isa = PBXBuildFile; fileRef = 5E63F3E42BD6A6EC00DD5401 /* MoviesViewController.swift */; };
		5E63F3E72BD6A99A00DD5401 /* VoidHandler.swift in Sources */ = {isa = PBXBuildFile; fileRef = 5E63F3E62BD6A99A00DD5401 /* VoidHandler.swift */; };
		5E63F3E92BD6CE9200DD5401 /* MoviesViewModel.swift in Sources */ = {isa = PBXBuildFile; fileRef = 5E63F3E82BD6CE9100DD5401 /* MoviesViewModel.swift */; };
		5E63F3EB2BD7A97000DD5401 /* MoviesCollectionViewCell.swift in Sources */ = {isa = PBXBuildFile; fileRef = 5E63F3EA2BD7A97000DD5401 /* MoviesCollectionViewCell.swift */; };
		5E63F3F92BD8CE3C00DD5401 /* MoviesModel.swift in Sources */ = {isa = PBXBuildFile; fileRef = 5E63F3F82BD8CE3C00DD5401 /* MoviesModel.swift */; };
		5E63F3FB2BD8CE7F00DD5401 /* MoviesDTO.swift in Sources */ = {isa = PBXBuildFile; fileRef = 5E63F3FA2BD8CE7F00DD5401 /* MoviesDTO.swift */; };
		5E63F3FE2BD8D50E00DD5401 /* DocDTO.swift in Sources */ = {isa = PBXBuildFile; fileRef = 5E63F3FD2BD8D50E00DD5401 /* DocDTO.swift */; };
		5E63F4002BD8D52C00DD5401 /* BackdropDTO.swift in Sources */ = {isa = PBXBuildFile; fileRef = 5E63F3FF2BD8D52C00DD5401 /* BackdropDTO.swift */; };
		5E63F4022BD8D54500DD5401 /* RatingDTO.swift in Sources */ = {isa = PBXBuildFile; fileRef = 5E63F4012BD8D54500DD5401 /* RatingDTO.swift */; };
		5E63F4042BD9987D00DD5401 /* DetaliesMovie.swift in Sources */ = {isa = PBXBuildFile; fileRef = 5E63F4032BD9987D00DD5401 /* DetaliesMovie.swift */; };
		5E63F40A2BD99A0900DD5401 /* DetailsMovieViewModel.swift in Sources */ = {isa = PBXBuildFile; fileRef = 5E63F4092BD99A0900DD5401 /* DetailsMovieViewModel.swift */; };
		5E7166EF2BDAC153000E992B /* PosterDTO.swift in Sources */ = {isa = PBXBuildFile; fileRef = 5E7166EE2BDAC153000E992B /* PosterDTO.swift */; };
		5E7166F12BDAC1D5000E992B /* CountryDTO.swift in Sources */ = {isa = PBXBuildFile; fileRef = 5E7166F02BDAC1D5000E992B /* CountryDTO.swift */; };
		5E7166F42BDAC272000E992B /* ActorsDTO.swift in Sources */ = {isa = PBXBuildFile; fileRef = 5E7166F32BDAC272000E992B /* ActorsDTO.swift */; };
		5E7166F62BDAC2B7000E992B /* LanguageDTO.swift in Sources */ = {isa = PBXBuildFile; fileRef = 5E7166F52BDAC2B7000E992B /* LanguageDTO.swift */; };
		5E7166F92BDD50C0000E992B /* KeychainService.swift in Sources */ = {isa = PBXBuildFile; fileRef = 5E7166F82BDD50C0000E992B /* KeychainService.swift */; };
		5E7166FC2BDD51FF000E992B /* KeychainSwift in Frameworks */ = {isa = PBXBuildFile; productRef = 5E7166FB2BDD51FF000E992B /* KeychainSwift */; };
		5E7166FE2BDD5282000E992B /* NetworkRequest.swift in Sources */ = {isa = PBXBuildFile; fileRef = 5E7166FD2BDD5282000E992B /* NetworkRequest.swift */; };
		5E7167002BDD52DE000E992B /* APIRequest.swift in Sources */ = {isa = PBXBuildFile; fileRef = 5E7166FF2BDD52DE000E992B /* APIRequest.swift */; };
		5E7167022BDD530A000E992B /* APIResource.swift in Sources */ = {isa = PBXBuildFile; fileRef = 5E7167012BDD530A000E992B /* APIResource.swift */; };
		5E7167042BDD5917000E992B /* ModelViewState.swift in Sources */ = {isa = PBXBuildFile; fileRef = 5E7167032BDD5917000E992B /* ModelViewState.swift */; };
		5E7167062BDD5A17000E992B /* MoviesShimmerCollectionViewCell.swift in Sources */ = {isa = PBXBuildFile; fileRef = 5E7167052BDD5A17000E992B /* MoviesShimmerCollectionViewCell.swift */; };
		5E7167092BDD5B0E000E992B /* UIView+Extension.swift in Sources */ = {isa = PBXBuildFile; fileRef = 5E7167082BDD5B0E000E992B /* UIView+Extension.swift */; };
		5E71670B2BDD5F15000E992B /* MovieDetailSection.swift in Sources */ = {isa = PBXBuildFile; fileRef = 5E71670A2BDD5F15000E992B /* MovieDetailSection.swift */; };
		5E7167102BDD6019000E992B /* MovieInfoShimmerTableViewCell.swift in Sources */ = {isa = PBXBuildFile; fileRef = 5E71670F2BDD6019000E992B /* MovieInfoShimmerTableViewCell.swift */; };
		5E7167122BDD602F000E992B /* RecommendedShimmerCell.swift in Sources */ = {isa = PBXBuildFile; fileRef = 5E7167112BDD602F000E992B /* RecommendedShimmerCell.swift */; };
		5ECBA74A2BDD6074005AAAB8 /* CastShimmerCell.swift in Sources */ = {isa = PBXBuildFile; fileRef = 5ECBA7492BDD6074005AAAB8 /* CastShimmerCell.swift */; };
		5ECBA74C2BDD6088005AAAB8 /* ActorShimmerCell.swift in Sources */ = {isa = PBXBuildFile; fileRef = 5ECBA74B2BDD6088005AAAB8 /* ActorShimmerCell.swift */; };
		5ECBA74E2BDD609D005AAAB8 /* RecommendedMovieShimmerCell.swift in Sources */ = {isa = PBXBuildFile; fileRef = 5ECBA74D2BDD609D005AAAB8 /* RecommendedMovieShimmerCell.swift */; };
		5ECBA7522BDD663F005AAAB8 /* MovieDetailsViewController.swift in Sources */ = {isa = PBXBuildFile; fileRef = 5ECBA7512BDD663F005AAAB8 /* MovieDetailsViewController.swift */; };
		5ECBA7542BDD672D005AAAB8 /* MovieInfoTableViewCell.swift in Sources */ = {isa = PBXBuildFile; fileRef = 5ECBA7532BDD672D005AAAB8 /* MovieInfoTableViewCell.swift */; };
		5ECBA7582BDD6792005AAAB8 /* DescriptionTableViewCell.swift in Sources */ = {isa = PBXBuildFile; fileRef = 5ECBA7572BDD6792005AAAB8 /* DescriptionTableViewCell.swift */; };
		5ECBA75A2BDD67A6005AAAB8 /* InfoTableViewCell.swift in Sources */ = {isa = PBXBuildFile; fileRef = 5ECBA7592BDD67A6005AAAB8 /* InfoTableViewCell.swift */; };
		5ECBA75C2BDD67B7005AAAB8 /* ActorsTableViewCell.swift in Sources */ = {isa = PBXBuildFile; fileRef = 5ECBA75B2BDD67B7005AAAB8 /* ActorsTableViewCell.swift */; };
		5ECBA75E2BDD67CB005AAAB8 /* LanguagesTableViewCell.swift in Sources */ = {isa = PBXBuildFile; fileRef = 5ECBA75D2BDD67CB005AAAB8 /* LanguagesTableViewCell.swift */; };
		5ECBA7602BDD67E1005AAAB8 /* RecomendationsMoviesTableViewCell.swift in Sources */ = {isa = PBXBuildFile; fileRef = 5ECBA75F2BDD67E1005AAAB8 /* RecomendationsMoviesTableViewCell.swift */; };
		5ECBA7622BDD67FD005AAAB8 /* ActorsCollectionViewCell.swift in Sources */ = {isa = PBXBuildFile; fileRef = 5ECBA7612BDD67FD005AAAB8 /* ActorsCollectionViewCell.swift */; };
		5ECBA7642BDD680E005AAAB8 /* RecomendationsMoviesCollectionViewCell.swift in Sources */ = {isa = PBXBuildFile; fileRef = 5ECBA7632BDD680E005AAAB8 /* RecomendationsMoviesCollectionViewCell.swift */; };
/* End PBXBuildFile section */

/* Begin PBXContainerItemProxy section */
		5E63F3AD2BD68AB800DD5401 /* PBXContainerItemProxy */ = {
			isa = PBXContainerItemProxy;
			containerPortal = 5E63F38B2BD68AB600DD5401 /* Project object */;
			proxyType = 1;
			remoteGlobalIDString = 5E63F3922BD68AB600DD5401;
			remoteInfo = CinemaStar;
		};
		5E63F3B72BD68AB800DD5401 /* PBXContainerItemProxy */ = {
			isa = PBXContainerItemProxy;
			containerPortal = 5E63F38B2BD68AB600DD5401 /* Project object */;
			proxyType = 1;
			remoteGlobalIDString = 5E63F3922BD68AB600DD5401;
			remoteInfo = CinemaStar;
		};
/* End PBXContainerItemProxy section */

/* Begin PBXFileReference section */
		5E63F3932BD68AB600DD5401 /* CinemaStar.app */ = {isa = PBXFileReference; explicitFileType = wrapper.application; includeInIndex = 0; path = CinemaStar.app; sourceTree = BUILT_PRODUCTS_DIR; };
		5E63F3962BD68AB600DD5401 /* AppDelegate.swift */ = {isa = PBXFileReference; lastKnownFileType = sourcecode.swift; path = AppDelegate.swift; sourceTree = "<group>"; };
		5E63F3982BD68AB600DD5401 /* SceneDelegate.swift */ = {isa = PBXFileReference; lastKnownFileType = sourcecode.swift; path = SceneDelegate.swift; sourceTree = "<group>"; };
		5E63F39A2BD68AB600DD5401 /* ViewController.swift */ = {isa = PBXFileReference; lastKnownFileType = sourcecode.swift; path = ViewController.swift; sourceTree = "<group>"; };
		5E63F3A02BD68AB600DD5401 /* CinemaStar.xcdatamodel */ = {isa = PBXFileReference; lastKnownFileType = wrapper.xcdatamodel; path = CinemaStar.xcdatamodel; sourceTree = "<group>"; };
		5E63F3A22BD68AB700DD5401 /* Assets.xcassets */ = {isa = PBXFileReference; lastKnownFileType = folder.assetcatalog; path = Assets.xcassets; sourceTree = "<group>"; };
		5E63F3A52BD68AB700DD5401 /* Base */ = {isa = PBXFileReference; lastKnownFileType = file.storyboard; name = Base; path = Base.lproj/LaunchScreen.storyboard; sourceTree = "<group>"; };
		5E63F3A72BD68AB700DD5401 /* Info.plist */ = {isa = PBXFileReference; lastKnownFileType = text.plist.xml; path = Info.plist; sourceTree = "<group>"; };
		5E63F3AC2BD68AB800DD5401 /* CinemaStarTests.xctest */ = {isa = PBXFileReference; explicitFileType = wrapper.cfbundle; includeInIndex = 0; path = CinemaStarTests.xctest; sourceTree = BUILT_PRODUCTS_DIR; };
		5E63F3B02BD68AB800DD5401 /* CinemaStarTests.swift */ = {isa = PBXFileReference; lastKnownFileType = sourcecode.swift; path = CinemaStarTests.swift; sourceTree = "<group>"; };
		5E63F3B62BD68AB800DD5401 /* CinemaStarUITests.xctest */ = {isa = PBXFileReference; explicitFileType = wrapper.cfbundle; includeInIndex = 0; path = CinemaStarUITests.xctest; sourceTree = BUILT_PRODUCTS_DIR; };
		5E63F3BA2BD68AB800DD5401 /* CinemaStarUITests.swift */ = {isa = PBXFileReference; lastKnownFileType = sourcecode.swift; path = CinemaStarUITests.swift; sourceTree = "<group>"; };
		5E63F3BC2BD68AB800DD5401 /* CinemaStarUITestsLaunchTests.swift */ = {isa = PBXFileReference; lastKnownFileType = sourcecode.swift; path = CinemaStarUITestsLaunchTests.swift; sourceTree = "<group>"; };
		5E63F3CC2BD69E1B00DD5401 /* BaseCoordinator.swift */ = {isa = PBXFileReference; lastKnownFileType = sourcecode.swift; path = BaseCoordinator.swift; sourceTree = "<group>"; };
		5E63F3CE2BD69E9400DD5401 /* AppCoordinator.swift */ = {isa = PBXFileReference; lastKnownFileType = sourcecode.swift; path = AppCoordinator.swift; sourceTree = "<group>"; };
		5E63F3D12BD69F1B00DD5401 /* Builder.swift */ = {isa = PBXFileReference; lastKnownFileType = sourcecode.swift; path = Builder.swift; sourceTree = "<group>"; };
		5E63F3E42BD6A6EC00DD5401 /* MoviesViewController.swift */ = {isa = PBXFileReference; lastKnownFileType = sourcecode.swift; path = MoviesViewController.swift; sourceTree = "<group>"; };
		5E63F3E62BD6A99A00DD5401 /* VoidHandler.swift */ = {isa = PBXFileReference; lastKnownFileType = sourcecode.swift; path = VoidHandler.swift; sourceTree = "<group>"; };
		5E63F3E82BD6CE9100DD5401 /* MoviesViewModel.swift */ = {isa = PBXFileReference; lastKnownFileType = sourcecode.swift; path = MoviesViewModel.swift; sourceTree = "<group>"; };
		5E63F3EA2BD7A97000DD5401 /* MoviesCollectionViewCell.swift */ = {isa = PBXFileReference; lastKnownFileType = sourcecode.swift; path = MoviesCollectionViewCell.swift; sourceTree = "<group>"; };
		5E63F3F82BD8CE3C00DD5401 /* MoviesModel.swift */ = {isa = PBXFileReference; lastKnownFileType = sourcecode.swift; path = MoviesModel.swift; sourceTree = "<group>"; };
		5E63F3FA2BD8CE7F00DD5401 /* MoviesDTO.swift */ = {isa = PBXFileReference; lastKnownFileType = sourcecode.swift; path = MoviesDTO.swift; sourceTree = "<group>"; };
		5E63F3FD2BD8D50E00DD5401 /* DocDTO.swift */ = {isa = PBXFileReference; lastKnownFileType = sourcecode.swift; path = DocDTO.swift; sourceTree = "<group>"; };
		5E63F3FF2BD8D52C00DD5401 /* BackdropDTO.swift */ = {isa = PBXFileReference; lastKnownFileType = sourcecode.swift; path = BackdropDTO.swift; sourceTree = "<group>"; };
		5E63F4012BD8D54500DD5401 /* RatingDTO.swift */ = {isa = PBXFileReference; lastKnownFileType = sourcecode.swift; path = RatingDTO.swift; sourceTree = "<group>"; };
		5E63F4032BD9987D00DD5401 /* DetaliesMovie.swift */ = {isa = PBXFileReference; lastKnownFileType = sourcecode.swift; path = DetaliesMovie.swift; sourceTree = "<group>"; };
		5E63F4092BD99A0900DD5401 /* DetailsMovieViewModel.swift */ = {isa = PBXFileReference; lastKnownFileType = sourcecode.swift; path = DetailsMovieViewModel.swift; sourceTree = "<group>"; };
		5E7166EE2BDAC153000E992B /* PosterDTO.swift */ = {isa = PBXFileReference; lastKnownFileType = sourcecode.swift; path = PosterDTO.swift; sourceTree = "<group>"; };
		5E7166F02BDAC1D5000E992B /* CountryDTO.swift */ = {isa = PBXFileReference; lastKnownFileType = sourcecode.swift; path = CountryDTO.swift; sourceTree = "<group>"; };
		5E7166F32BDAC272000E992B /* ActorsDTO.swift */ = {isa = PBXFileReference; lastKnownFileType = sourcecode.swift; path = ActorsDTO.swift; sourceTree = "<group>"; };
		5E7166F52BDAC2B7000E992B /* LanguageDTO.swift */ = {isa = PBXFileReference; lastKnownFileType = sourcecode.swift; path = LanguageDTO.swift; sourceTree = "<group>"; };
		5E7166F82BDD50C0000E992B /* KeychainService.swift */ = {isa = PBXFileReference; lastKnownFileType = sourcecode.swift; path = KeychainService.swift; sourceTree = "<group>"; };
		5E7166FD2BDD5282000E992B /* NetworkRequest.swift */ = {isa = PBXFileReference; lastKnownFileType = sourcecode.swift; path = NetworkRequest.swift; sourceTree = "<group>"; };
		5E7166FF2BDD52DE000E992B /* APIRequest.swift */ = {isa = PBXFileReference; lastKnownFileType = sourcecode.swift; path = APIRequest.swift; sourceTree = "<group>"; };
		5E7167012BDD530A000E992B /* APIResource.swift */ = {isa = PBXFileReference; lastKnownFileType = sourcecode.swift; path = APIResource.swift; sourceTree = "<group>"; };
		5E7167032BDD5917000E992B /* ModelViewState.swift */ = {isa = PBXFileReference; lastKnownFileType = sourcecode.swift; path = ModelViewState.swift; sourceTree = "<group>"; };
		5E7167052BDD5A17000E992B /* MoviesShimmerCollectionViewCell.swift */ = {isa = PBXFileReference; lastKnownFileType = sourcecode.swift; path = MoviesShimmerCollectionViewCell.swift; sourceTree = "<group>"; };
		5E7167082BDD5B0E000E992B /* UIView+Extension.swift */ = {isa = PBXFileReference; lastKnownFileType = sourcecode.swift; path = "UIView+Extension.swift"; sourceTree = "<group>"; };
		5E71670A2BDD5F15000E992B /* MovieDetailSection.swift */ = {isa = PBXFileReference; lastKnownFileType = sourcecode.swift; path = MovieDetailSection.swift; sourceTree = "<group>"; };
		5E71670F2BDD6019000E992B /* MovieInfoShimmerTableViewCell.swift */ = {isa = PBXFileReference; lastKnownFileType = sourcecode.swift; path = MovieInfoShimmerTableViewCell.swift; sourceTree = "<group>"; };
		5E7167112BDD602F000E992B /* RecommendedShimmerCell.swift */ = {isa = PBXFileReference; lastKnownFileType = sourcecode.swift; path = RecommendedShimmerCell.swift; sourceTree = "<group>"; };
		5ECBA7492BDD6074005AAAB8 /* CastShimmerCell.swift */ = {isa = PBXFileReference; lastKnownFileType = sourcecode.swift; path = CastShimmerCell.swift; sourceTree = "<group>"; };
		5ECBA74B2BDD6088005AAAB8 /* ActorShimmerCell.swift */ = {isa = PBXFileReference; lastKnownFileType = sourcecode.swift; path = ActorShimmerCell.swift; sourceTree = "<group>"; };
		5ECBA74D2BDD609D005AAAB8 /* RecommendedMovieShimmerCell.swift */ = {isa = PBXFileReference; lastKnownFileType = sourcecode.swift; path = RecommendedMovieShimmerCell.swift; sourceTree = "<group>"; };
		5ECBA7512BDD663F005AAAB8 /* MovieDetailsViewController.swift */ = {isa = PBXFileReference; lastKnownFileType = sourcecode.swift; path = MovieDetailsViewController.swift; sourceTree = "<group>"; };
		5ECBA7532BDD672D005AAAB8 /* MovieInfoTableViewCell.swift */ = {isa = PBXFileReference; lastKnownFileType = sourcecode.swift; path = MovieInfoTableViewCell.swift; sourceTree = "<group>"; };
		5ECBA7572BDD6792005AAAB8 /* DescriptionTableViewCell.swift */ = {isa = PBXFileReference; lastKnownFileType = sourcecode.swift; path = DescriptionTableViewCell.swift; sourceTree = "<group>"; };
		5ECBA7592BDD67A6005AAAB8 /* InfoTableViewCell.swift */ = {isa = PBXFileReference; lastKnownFileType = sourcecode.swift; path = InfoTableViewCell.swift; sourceTree = "<group>"; };
		5ECBA75B2BDD67B7005AAAB8 /* ActorsTableViewCell.swift */ = {isa = PBXFileReference; lastKnownFileType = sourcecode.swift; path = ActorsTableViewCell.swift; sourceTree = "<group>"; };
		5ECBA75D2BDD67CB005AAAB8 /* LanguagesTableViewCell.swift */ = {isa = PBXFileReference; lastKnownFileType = sourcecode.swift; path = LanguagesTableViewCell.swift; sourceTree = "<group>"; };
		5ECBA75F2BDD67E1005AAAB8 /* RecomendationsMoviesTableViewCell.swift */ = {isa = PBXFileReference; lastKnownFileType = sourcecode.swift; path = RecomendationsMoviesTableViewCell.swift; sourceTree = "<group>"; };
		5ECBA7612BDD67FD005AAAB8 /* ActorsCollectionViewCell.swift */ = {isa = PBXFileReference; lastKnownFileType = sourcecode.swift; path = ActorsCollectionViewCell.swift; sourceTree = "<group>"; };
		5ECBA7632BDD680E005AAAB8 /* RecomendationsMoviesCollectionViewCell.swift */ = {isa = PBXFileReference; lastKnownFileType = sourcecode.swift; path = RecomendationsMoviesCollectionViewCell.swift; sourceTree = "<group>"; };
/* End PBXFileReference section */

/* Begin PBXFrameworksBuildPhase section */
		5E63F3902BD68AB600DD5401 /* Frameworks */ = {
			isa = PBXFrameworksBuildPhase;
			buildActionMask = 2147483647;
			files = (
				5E7166FC2BDD51FF000E992B /* KeychainSwift in Frameworks */,
			);
			runOnlyForDeploymentPostprocessing = 0;
		};
		5E63F3A92BD68AB800DD5401 /* Frameworks */ = {
			isa = PBXFrameworksBuildPhase;
			buildActionMask = 2147483647;
			files = (
			);
			runOnlyForDeploymentPostprocessing = 0;
		};
		5E63F3B32BD68AB800DD5401 /* Frameworks */ = {
			isa = PBXFrameworksBuildPhase;
			buildActionMask = 2147483647;
			files = (
			);
			runOnlyForDeploymentPostprocessing = 0;
		};
/* End PBXFrameworksBuildPhase section */

/* Begin PBXGroup section */
		5E63F38A2BD68AB600DD5401 = {
			isa = PBXGroup;
			children = (
				5E7166F72BDD509B000E992B /* KeyChain */,
				5E7167072BDD5AF0000E992B /* Extensions */,
				5E63F3952BD68AB600DD5401 /* CinemaStar */,
				5E63F3D62BD6A07B00DD5401 /* Movies */,
				5E63F3F42BD8CD6100DD5401 /* NetworkService */,
				5E63F3D92BD6A0D200DD5401 /* DetailsMovies */,
				5E63F3D02BD69EF400DD5401 /* Builder */,
				5E63F3CB2BD69C9D00DD5401 /* Coordinator */,
				5E63F3AF2BD68AB800DD5401 /* CinemaStarTests */,
				5E63F3B92BD68AB800DD5401 /* CinemaStarUITests */,
				5E63F3942BD68AB600DD5401 /* Products */,
			);
			sourceTree = "<group>";
		};
		5E63F3942BD68AB600DD5401 /* Products */ = {
			isa = PBXGroup;
			children = (
				5E63F3932BD68AB600DD5401 /* CinemaStar.app */,
				5E63F3AC2BD68AB800DD5401 /* CinemaStarTests.xctest */,
				5E63F3B62BD68AB800DD5401 /* CinemaStarUITests.xctest */,
			);
			name = Products;
			sourceTree = "<group>";
		};
		5E63F3952BD68AB600DD5401 /* CinemaStar */ = {
			isa = PBXGroup;
			children = (
				5E63F3962BD68AB600DD5401 /* AppDelegate.swift */,
				5E63F3982BD68AB600DD5401 /* SceneDelegate.swift */,
				5E63F39A2BD68AB600DD5401 /* ViewController.swift */,
				5E63F3E62BD6A99A00DD5401 /* VoidHandler.swift */,
				5E63F3A22BD68AB700DD5401 /* Assets.xcassets */,
				5E63F3A42BD68AB700DD5401 /* LaunchScreen.storyboard */,
				5E63F3A72BD68AB700DD5401 /* Info.plist */,
				5E63F39F2BD68AB600DD5401 /* CinemaStar.xcdatamodeld */,
			);
			path = CinemaStar;
			sourceTree = "<group>";
		};
		5E63F3AF2BD68AB800DD5401 /* CinemaStarTests */ = {
			isa = PBXGroup;
			children = (
				5E63F3B02BD68AB800DD5401 /* CinemaStarTests.swift */,
			);
			path = CinemaStarTests;
			sourceTree = "<group>";
		};
		5E63F3B92BD68AB800DD5401 /* CinemaStarUITests */ = {
			isa = PBXGroup;
			children = (
				5E63F3BA2BD68AB800DD5401 /* CinemaStarUITests.swift */,
				5E63F3BC2BD68AB800DD5401 /* CinemaStarUITestsLaunchTests.swift */,
			);
			path = CinemaStarUITests;
			sourceTree = "<group>";
		};
		5E63F3CB2BD69C9D00DD5401 /* Coordinator */ = {
			isa = PBXGroup;
			children = (
				5E63F3CC2BD69E1B00DD5401 /* BaseCoordinator.swift */,
				5E63F3CE2BD69E9400DD5401 /* AppCoordinator.swift */,
			);
			path = Coordinator;
			sourceTree = "<group>";
		};
		5E63F3D02BD69EF400DD5401 /* Builder */ = {
			isa = PBXGroup;
			children = (
				5E63F3D12BD69F1B00DD5401 /* Builder.swift */,
			);
			path = Builder;
			sourceTree = "<group>";
		};
		5E63F3D62BD6A07B00DD5401 /* Movies */ = {
			isa = PBXGroup;
			children = (
				5E63F3D72BD6A09C00DD5401 /* Model */,
				5E63F3D82BD6A0A600DD5401 /* View */,
				5E63F3DD2BD6A19E00DD5401 /* ViewModel */,
			);
			path = Movies;
			sourceTree = "<group>";
		};
		5E63F3D72BD6A09C00DD5401 /* Model */ = {
			isa = PBXGroup;
			children = (
				5E63F3F82BD8CE3C00DD5401 /* MoviesModel.swift */,
				5E7167032BDD5917000E992B /* ModelViewState.swift */,
			);
			path = Model;
			sourceTree = "<group>";
		};
		5E63F3D82BD6A0A600DD5401 /* View */ = {
			isa = PBXGroup;
			children = (
				5E63F3E42BD6A6EC00DD5401 /* MoviesViewController.swift */,
				5E63F3EA2BD7A97000DD5401 /* MoviesCollectionViewCell.swift */,
				5E7167052BDD5A17000E992B /* MoviesShimmerCollectionViewCell.swift */,
			);
			path = View;
			sourceTree = "<group>";
		};
		5E63F3D92BD6A0D200DD5401 /* DetailsMovies */ = {
			isa = PBXGroup;
			children = (
				5E63F3DA2BD6A17A00DD5401 /* Model */,
				5E63F3DB2BD6A18100DD5401 /* View */,
				5E63F3DC2BD6A18B00DD5401 /* ViewModel */,
			);
			path = DetailsMovies;
			sourceTree = "<group>";
		};
		5E63F3DA2BD6A17A00DD5401 /* Model */ = {
			isa = PBXGroup;
			children = (
				5E63F4032BD9987D00DD5401 /* DetaliesMovie.swift */,
				5E71670A2BDD5F15000E992B /* MovieDetailSection.swift */,
			);
			path = Model;
			sourceTree = "<group>";
		};
		5E63F3DB2BD6A18100DD5401 /* View */ = {
			isa = PBXGroup;
			children = (
				5ECBA7512BDD663F005AAAB8 /* MovieDetailsViewController.swift */,
				5ECBA7562BDD6742005AAAB8 /* CollectionViewCells */,
				5ECBA7552BDD6731005AAAB8 /* Tableviewcells */,
				5E71670E2BDD5FE0000E992B /* ShimmerCell */,
			);
			path = View;
			sourceTree = "<group>";
		};
		5E63F3DC2BD6A18B00DD5401 /* ViewModel */ = {
			isa = PBXGroup;
			children = (
				5E63F4092BD99A0900DD5401 /* DetailsMovieViewModel.swift */,
			);
			path = ViewModel;
			sourceTree = "<group>";
		};
		5E63F3DD2BD6A19E00DD5401 /* ViewModel */ = {
			isa = PBXGroup;
			children = (
				5E63F3E82BD6CE9100DD5401 /* MoviesViewModel.swift */,
			);
			path = ViewModel;
			sourceTree = "<group>";
		};
		5E63F3F42BD8CD6100DD5401 /* NetworkService */ = {
			isa = PBXGroup;
			children = (
				5E7166FD2BDD5282000E992B /* NetworkRequest.swift */,
				5E7166FF2BDD52DE000E992B /* APIRequest.swift */,
				5E7167012BDD530A000E992B /* APIResource.swift */,
				5E63F3FC2BD8D31E00DD5401 /* ModelsDTO */,
			);
			path = NetworkService;
			sourceTree = "<group>";
		};
		5E63F3FC2BD8D31E00DD5401 /* ModelsDTO */ = {
			isa = PBXGroup;
			children = (
				5E63F3FA2BD8CE7F00DD5401 /* MoviesDTO.swift */,
				5E63F3FD2BD8D50E00DD5401 /* DocDTO.swift */,
				5E7166EE2BDAC153000E992B /* PosterDTO.swift */,
				5E63F4012BD8D54500DD5401 /* RatingDTO.swift */,
				5E7166F02BDAC1D5000E992B /* CountryDTO.swift */,
				5E63F3FF2BD8D52C00DD5401 /* BackdropDTO.swift */,
				5E7166F32BDAC272000E992B /* ActorsDTO.swift */,
				5E7166F52BDAC2B7000E992B /* LanguageDTO.swift */,
			);
			path = ModelsDTO;
			sourceTree = "<group>";
		};
		5E7166F72BDD509B000E992B /* KeyChain */ = {
			isa = PBXGroup;
			children = (
				5E7166F82BDD50C0000E992B /* KeychainService.swift */,
			);
			path = KeyChain;
			sourceTree = "<group>";
		};
		5E7167072BDD5AF0000E992B /* Extensions */ = {
			isa = PBXGroup;
			children = (
				5E7167082BDD5B0E000E992B /* UIView+Extension.swift */,
			);
			path = Extensions;
			sourceTree = "<group>";
		};
		5E71670E2BDD5FE0000E992B /* ShimmerCell */ = {
			isa = PBXGroup;
			children = (
				5E71670F2BDD6019000E992B /* MovieInfoShimmerTableViewCell.swift */,
				5E7167112BDD602F000E992B /* RecommendedShimmerCell.swift */,
				5ECBA7492BDD6074005AAAB8 /* CastShimmerCell.swift */,
				5ECBA74B2BDD6088005AAAB8 /* ActorShimmerCell.swift */,
				5ECBA74D2BDD609D005AAAB8 /* RecommendedMovieShimmerCell.swift */,
			);
			path = ShimmerCell;
			sourceTree = "<group>";
		};
		5ECBA7552BDD6731005AAAB8 /* Tableviewcells */ = {
			isa = PBXGroup;
			children = (
				5ECBA7532BDD672D005AAAB8 /* MovieInfoTableViewCell.swift */,
				5ECBA7572BDD6792005AAAB8 /* DescriptionTableViewCell.swift */,
				5ECBA7592BDD67A6005AAAB8 /* InfoTableViewCell.swift */,
				5ECBA75B2BDD67B7005AAAB8 /* ActorsTableViewCell.swift */,
				5ECBA75D2BDD67CB005AAAB8 /* LanguagesTableViewCell.swift */,
				5ECBA75F2BDD67E1005AAAB8 /* RecomendationsMoviesTableViewCell.swift */,
			);
			path = Tableviewcells;
			sourceTree = "<group>";
		};
		5ECBA7562BDD6742005AAAB8 /* CollectionViewCells */ = {
			isa = PBXGroup;
			children = (
				5ECBA7612BDD67FD005AAAB8 /* ActorsCollectionViewCell.swift */,
				5ECBA7632BDD680E005AAAB8 /* RecomendationsMoviesCollectionViewCell.swift */,
			);
			path = CollectionViewCells;
			sourceTree = "<group>";
		};
/* End PBXGroup section */

/* Begin PBXNativeTarget section */
		5E63F3922BD68AB600DD5401 /* CinemaStar */ = {
			isa = PBXNativeTarget;
			buildConfigurationList = 5E63F3C02BD68AB800DD5401 /* Build configuration list for PBXNativeTarget "CinemaStar" */;
			buildPhases = (
				5E63F3CA2BD690C900DD5401 /* SwiftFormat */,
				5E63F38F2BD68AB600DD5401 /* Sources */,
				5E63F3C92BD6908900DD5401 /* SwiftLint */,
				5E63F3902BD68AB600DD5401 /* Frameworks */,
				5E63F3912BD68AB600DD5401 /* Resources */,
			);
			buildRules = (
			);
			dependencies = (
			);
			name = CinemaStar;
			packageProductDependencies = (
				5E7166FB2BDD51FF000E992B /* KeychainSwift */,
			);
			productName = CinemaStar;
			productReference = 5E63F3932BD68AB600DD5401 /* CinemaStar.app */;
			productType = "com.apple.product-type.application";
		};
		5E63F3AB2BD68AB800DD5401 /* CinemaStarTests */ = {
			isa = PBXNativeTarget;
			buildConfigurationList = 5E63F3C32BD68AB800DD5401 /* Build configuration list for PBXNativeTarget "CinemaStarTests" */;
			buildPhases = (
				5E63F3A82BD68AB800DD5401 /* Sources */,
				5E63F3A92BD68AB800DD5401 /* Frameworks */,
				5E63F3AA2BD68AB800DD5401 /* Resources */,
			);
			buildRules = (
			);
			dependencies = (
				5E63F3AE2BD68AB800DD5401 /* PBXTargetDependency */,
			);
			name = CinemaStarTests;
			productName = CinemaStarTests;
			productReference = 5E63F3AC2BD68AB800DD5401 /* CinemaStarTests.xctest */;
			productType = "com.apple.product-type.bundle.unit-test";
		};
		5E63F3B52BD68AB800DD5401 /* CinemaStarUITests */ = {
			isa = PBXNativeTarget;
			buildConfigurationList = 5E63F3C62BD68AB800DD5401 /* Build configuration list for PBXNativeTarget "CinemaStarUITests" */;
			buildPhases = (
				5E63F3B22BD68AB800DD5401 /* Sources */,
				5E63F3B32BD68AB800DD5401 /* Frameworks */,
				5E63F3B42BD68AB800DD5401 /* Resources */,
			);
			buildRules = (
			);
			dependencies = (
				5E63F3B82BD68AB800DD5401 /* PBXTargetDependency */,
			);
			name = CinemaStarUITests;
			productName = CinemaStarUITests;
			productReference = 5E63F3B62BD68AB800DD5401 /* CinemaStarUITests.xctest */;
			productType = "com.apple.product-type.bundle.ui-testing";
		};
/* End PBXNativeTarget section */

/* Begin PBXProject section */
		5E63F38B2BD68AB600DD5401 /* Project object */ = {
			isa = PBXProject;
			attributes = {
				BuildIndependentTargetsInParallel = 1;
				LastSwiftUpdateCheck = 1430;
				LastUpgradeCheck = 1430;
				TargetAttributes = {
					5E63F3922BD68AB600DD5401 = {
						CreatedOnToolsVersion = 14.3.1;
					};
					5E63F3AB2BD68AB800DD5401 = {
						CreatedOnToolsVersion = 14.3.1;
						TestTargetID = 5E63F3922BD68AB600DD5401;
					};
					5E63F3B52BD68AB800DD5401 = {
						CreatedOnToolsVersion = 14.3.1;
						TestTargetID = 5E63F3922BD68AB600DD5401;
					};
				};
			};
			buildConfigurationList = 5E63F38E2BD68AB600DD5401 /* Build configuration list for PBXProject "CinemaStar" */;
			compatibilityVersion = "Xcode 14.0";
			developmentRegion = en;
			hasScannedForEncodings = 0;
			knownRegions = (
				en,
				Base,
			);
			mainGroup = 5E63F38A2BD68AB600DD5401;
			packageReferences = (
				5E7166FA2BDD51FF000E992B /* XCRemoteSwiftPackageReference "keychain-swift" */,
			);
			productRefGroup = 5E63F3942BD68AB600DD5401 /* Products */;
			projectDirPath = "";
			projectRoot = "";
			targets = (
				5E63F3922BD68AB600DD5401 /* CinemaStar */,
				5E63F3AB2BD68AB800DD5401 /* CinemaStarTests */,
				5E63F3B52BD68AB800DD5401 /* CinemaStarUITests */,
			);
		};
/* End PBXProject section */

/* Begin PBXResourcesBuildPhase section */
		5E63F3912BD68AB600DD5401 /* Resources */ = {
			isa = PBXResourcesBuildPhase;
			buildActionMask = 2147483647;
			files = (
				5E63F3A62BD68AB700DD5401 /* LaunchScreen.storyboard in Resources */,
				5E63F3A32BD68AB700DD5401 /* Assets.xcassets in Resources */,
			);
			runOnlyForDeploymentPostprocessing = 0;
		};
		5E63F3AA2BD68AB800DD5401 /* Resources */ = {
			isa = PBXResourcesBuildPhase;
			buildActionMask = 2147483647;
			files = (
			);
			runOnlyForDeploymentPostprocessing = 0;
		};
		5E63F3B42BD68AB800DD5401 /* Resources */ = {
			isa = PBXResourcesBuildPhase;
			buildActionMask = 2147483647;
			files = (
			);
			runOnlyForDeploymentPostprocessing = 0;
		};
/* End PBXResourcesBuildPhase section */

/* Begin PBXShellScriptBuildPhase section */
		5E63F3C92BD6908900DD5401 /* SwiftLint */ = {
			isa = PBXShellScriptBuildPhase;
			alwaysOutOfDate = 1;
			buildActionMask = 2147483647;
			files = (
			);
			inputFileListPaths = (
			);
			inputPaths = (
			);
			name = SwiftLint;
			outputFileListPaths = (
			);
			outputPaths = (
			);
			runOnlyForDeploymentPostprocessing = 0;
			shellPath = /bin/sh;
			shellScript = "if [[ \"$(uname -m)\" == arm64 ]]; then\n    export PATH=\"/opt/homebrew/bin:$PATH\"\nfi\n\nif which swiftformat >/dev/null; then\n  swiftformat .\nelse\n  echo \"warning: SwiftFormat not installed, download from https://github.com/nicklockwood/SwiftFormat\"\nfi\n";
			showEnvVarsInLog = 0;
		};
		5E63F3CA2BD690C900DD5401 /* SwiftFormat */ = {
			isa = PBXShellScriptBuildPhase;
			alwaysOutOfDate = 1;
			buildActionMask = 2147483647;
			files = (
			);
			inputFileListPaths = (
			);
			inputPaths = (
			);
			name = SwiftFormat;
			outputFileListPaths = (
			);
			outputPaths = (
			);
			runOnlyForDeploymentPostprocessing = 0;
			shellPath = /bin/sh;
			shellScript = "if [[ \"$(uname -m)\" == arm64 ]]; then\n    export PATH=\"/opt/homebrew/bin:$PATH\"\nfi\n\nif which swiftlint > /dev/null; then\n  swiftlint\nelse\n  echo \"warning: SwiftLint not installed, download from https://github.com/realm/SwiftLint\"\nfi\n";
			showEnvVarsInLog = 0;
		};
/* End PBXShellScriptBuildPhase section */

/* Begin PBXSourcesBuildPhase section */
		5E63F38F2BD68AB600DD5401 /* Sources */ = {
			isa = PBXSourcesBuildPhase;
			buildActionMask = 2147483647;
			files = (
				5E63F3F92BD8CE3C00DD5401 /* MoviesModel.swift in Sources */,
				5E63F3CF2BD69E9400DD5401 /* AppCoordinator.swift in Sources */,
				5E63F3E72BD6A99A00DD5401 /* VoidHandler.swift in Sources */,
				5ECBA74A2BDD6074005AAAB8 /* CastShimmerCell.swift in Sources */,
				5E7167042BDD5917000E992B /* ModelViewState.swift in Sources */,
				5E63F3E52BD6A6EC00DD5401 /* MoviesViewController.swift in Sources */,
				5E7166F12BDAC1D5000E992B /* CountryDTO.swift in Sources */,
				5ECBA7582BDD6792005AAAB8 /* DescriptionTableViewCell.swift in Sources */,
				5ECBA75C2BDD67B7005AAAB8 /* ActorsTableViewCell.swift in Sources */,
				5E7167122BDD602F000E992B /* RecommendedShimmerCell.swift in Sources */,
				5E63F39B2BD68AB600DD5401 /* ViewController.swift in Sources */,
				5E7166F42BDAC272000E992B /* ActorsDTO.swift in Sources */,
				5E63F3D22BD69F1B00DD5401 /* Builder.swift in Sources */,
				5E7167092BDD5B0E000E992B /* UIView+Extension.swift in Sources */,
				5ECBA7522BDD663F005AAAB8 /* MovieDetailsViewController.swift in Sources */,
				5ECBA7642BDD680E005AAAB8 /* RecomendationsMoviesCollectionViewCell.swift in Sources */,
				5E63F40A2BD99A0900DD5401 /* DetailsMovieViewModel.swift in Sources */,
				5E63F4022BD8D54500DD5401 /* RatingDTO.swift in Sources */,
				5E7167002BDD52DE000E992B /* APIRequest.swift in Sources */,
				5E7166FE2BDD5282000E992B /* NetworkRequest.swift in Sources */,
				5E7167022BDD530A000E992B /* APIResource.swift in Sources */,
				5E7167062BDD5A17000E992B /* MoviesShimmerCollectionViewCell.swift in Sources */,
				5E63F4002BD8D52C00DD5401 /* BackdropDTO.swift in Sources */,
				5E63F3972BD68AB600DD5401 /* AppDelegate.swift in Sources */,
				5E63F3CD2BD69E1B00DD5401 /* BaseCoordinator.swift in Sources */,
				5ECBA7622BDD67FD005AAAB8 /* ActorsCollectionViewCell.swift in Sources */,
				5E7167102BDD6019000E992B /* MovieInfoShimmerTableViewCell.swift in Sources */,
				5ECBA75A2BDD67A6005AAAB8 /* InfoTableViewCell.swift in Sources */,
				5E63F3FB2BD8CE7F00DD5401 /* MoviesDTO.swift in Sources */,
				5E63F3EB2BD7A97000DD5401 /* MoviesCollectionViewCell.swift in Sources */,
				5ECBA74E2BDD609D005AAAB8 /* RecommendedMovieShimmerCell.swift in Sources */,
				5ECBA75E2BDD67CB005AAAB8 /* LanguagesTableViewCell.swift in Sources */,
				5E63F3A12BD68AB600DD5401 /* CinemaStar.xcdatamodeld in Sources */,
				5E71670B2BDD5F15000E992B /* MovieDetailSection.swift in Sources */,
				5E7166F92BDD50C0000E992B /* KeychainService.swift in Sources */,
				5ECBA74C2BDD6088005AAAB8 /* ActorShimmerCell.swift in Sources */,
				5E63F3E92BD6CE9200DD5401 /* MoviesViewModel.swift in Sources */,
				5ECBA7602BDD67E1005AAAB8 /* RecomendationsMoviesTableViewCell.swift in Sources */,
				5ECBA7542BDD672D005AAAB8 /* MovieInfoTableViewCell.swift in Sources */,
				5E7166F62BDAC2B7000E992B /* LanguageDTO.swift in Sources */,
				5E63F3992BD68AB600DD5401 /* SceneDelegate.swift in Sources */,
				5E63F4042BD9987D00DD5401 /* DetaliesMovie.swift in Sources */,
				5E7166EF2BDAC153000E992B /* PosterDTO.swift in Sources */,
				5E63F3FE2BD8D50E00DD5401 /* DocDTO.swift in Sources */,
			);
			runOnlyForDeploymentPostprocessing = 0;
		};
		5E63F3A82BD68AB800DD5401 /* Sources */ = {
			isa = PBXSourcesBuildPhase;
			buildActionMask = 2147483647;
			files = (
				5E63F3B12BD68AB800DD5401 /* CinemaStarTests.swift in Sources */,
			);
			runOnlyForDeploymentPostprocessing = 0;
		};
		5E63F3B22BD68AB800DD5401 /* Sources */ = {
			isa = PBXSourcesBuildPhase;
			buildActionMask = 2147483647;
			files = (
				5E63F3BB2BD68AB800DD5401 /* CinemaStarUITests.swift in Sources */,
				5E63F3BD2BD68AB800DD5401 /* CinemaStarUITestsLaunchTests.swift in Sources */,
			);
			runOnlyForDeploymentPostprocessing = 0;
		};
/* End PBXSourcesBuildPhase section */

/* Begin PBXTargetDependency section */
		5E63F3AE2BD68AB800DD5401 /* PBXTargetDependency */ = {
			isa = PBXTargetDependency;
			target = 5E63F3922BD68AB600DD5401 /* CinemaStar */;
			targetProxy = 5E63F3AD2BD68AB800DD5401 /* PBXContainerItemProxy */;
		};
		5E63F3B82BD68AB800DD5401 /* PBXTargetDependency */ = {
			isa = PBXTargetDependency;
			target = 5E63F3922BD68AB600DD5401 /* CinemaStar */;
			targetProxy = 5E63F3B72BD68AB800DD5401 /* PBXContainerItemProxy */;
		};
/* End PBXTargetDependency section */

/* Begin PBXVariantGroup section */
		5E63F3A42BD68AB700DD5401 /* LaunchScreen.storyboard */ = {
			isa = PBXVariantGroup;
			children = (
				5E63F3A52BD68AB700DD5401 /* Base */,
			);
			name = LaunchScreen.storyboard;
			sourceTree = "<group>";
		};
/* End PBXVariantGroup section */

/* Begin XCBuildConfiguration section */
		5E63F3BE2BD68AB800DD5401 /* Debug */ = {
			isa = XCBuildConfiguration;
			buildSettings = {
				ALWAYS_SEARCH_USER_PATHS = NO;
				CLANG_ANALYZER_NONNULL = YES;
				CLANG_ANALYZER_NUMBER_OBJECT_CONVERSION = YES_AGGRESSIVE;
				CLANG_CXX_LANGUAGE_STANDARD = "gnu++20";
				CLANG_ENABLE_MODULES = YES;
				CLANG_ENABLE_OBJC_ARC = YES;
				CLANG_ENABLE_OBJC_WEAK = YES;
				CLANG_WARN_BLOCK_CAPTURE_AUTORELEASING = YES;
				CLANG_WARN_BOOL_CONVERSION = YES;
				CLANG_WARN_COMMA = YES;
				CLANG_WARN_CONSTANT_CONVERSION = YES;
				CLANG_WARN_DEPRECATED_OBJC_IMPLEMENTATIONS = YES;
				CLANG_WARN_DIRECT_OBJC_ISA_USAGE = YES_ERROR;
				CLANG_WARN_DOCUMENTATION_COMMENTS = YES;
				CLANG_WARN_EMPTY_BODY = YES;
				CLANG_WARN_ENUM_CONVERSION = YES;
				CLANG_WARN_INFINITE_RECURSION = YES;
				CLANG_WARN_INT_CONVERSION = YES;
				CLANG_WARN_NON_LITERAL_NULL_CONVERSION = YES;
				CLANG_WARN_OBJC_IMPLICIT_RETAIN_SELF = YES;
				CLANG_WARN_OBJC_LITERAL_CONVERSION = YES;
				CLANG_WARN_OBJC_ROOT_CLASS = YES_ERROR;
				CLANG_WARN_QUOTED_INCLUDE_IN_FRAMEWORK_HEADER = YES;
				CLANG_WARN_RANGE_LOOP_ANALYSIS = YES;
				CLANG_WARN_STRICT_PROTOTYPES = YES;
				CLANG_WARN_SUSPICIOUS_MOVE = YES;
				CLANG_WARN_UNGUARDED_AVAILABILITY = YES_AGGRESSIVE;
				CLANG_WARN_UNREACHABLE_CODE = YES;
				CLANG_WARN__DUPLICATE_METHOD_MATCH = YES;
				COPY_PHASE_STRIP = NO;
				DEBUG_INFORMATION_FORMAT = dwarf;
				ENABLE_STRICT_OBJC_MSGSEND = YES;
				ENABLE_TESTABILITY = YES;
				GCC_C_LANGUAGE_STANDARD = gnu11;
				GCC_DYNAMIC_NO_PIC = NO;
				GCC_NO_COMMON_BLOCKS = YES;
				GCC_OPTIMIZATION_LEVEL = 0;
				GCC_PREPROCESSOR_DEFINITIONS = (
					"DEBUG=1",
					"$(inherited)",
				);
				GCC_WARN_64_TO_32_BIT_CONVERSION = YES;
				GCC_WARN_ABOUT_RETURN_TYPE = YES_ERROR;
				GCC_WARN_UNDECLARED_SELECTOR = YES;
				GCC_WARN_UNINITIALIZED_AUTOS = YES_AGGRESSIVE;
				GCC_WARN_UNUSED_FUNCTION = YES;
				GCC_WARN_UNUSED_VARIABLE = YES;
				IPHONEOS_DEPLOYMENT_TARGET = 16.4;
				MTL_ENABLE_DEBUG_INFO = INCLUDE_SOURCE;
				MTL_FAST_MATH = YES;
				ONLY_ACTIVE_ARCH = YES;
				SDKROOT = iphoneos;
				SWIFT_ACTIVE_COMPILATION_CONDITIONS = DEBUG;
				SWIFT_OPTIMIZATION_LEVEL = "-Onone";
			};
			name = Debug;
		};
		5E63F3BF2BD68AB800DD5401 /* Release */ = {
			isa = XCBuildConfiguration;
			buildSettings = {
				ALWAYS_SEARCH_USER_PATHS = NO;
				CLANG_ANALYZER_NONNULL = YES;
				CLANG_ANALYZER_NUMBER_OBJECT_CONVERSION = YES_AGGRESSIVE;
				CLANG_CXX_LANGUAGE_STANDARD = "gnu++20";
				CLANG_ENABLE_MODULES = YES;
				CLANG_ENABLE_OBJC_ARC = YES;
				CLANG_ENABLE_OBJC_WEAK = YES;
				CLANG_WARN_BLOCK_CAPTURE_AUTORELEASING = YES;
				CLANG_WARN_BOOL_CONVERSION = YES;
				CLANG_WARN_COMMA = YES;
				CLANG_WARN_CONSTANT_CONVERSION = YES;
				CLANG_WARN_DEPRECATED_OBJC_IMPLEMENTATIONS = YES;
				CLANG_WARN_DIRECT_OBJC_ISA_USAGE = YES_ERROR;
				CLANG_WARN_DOCUMENTATION_COMMENTS = YES;
				CLANG_WARN_EMPTY_BODY = YES;
				CLANG_WARN_ENUM_CONVERSION = YES;
				CLANG_WARN_INFINITE_RECURSION = YES;
				CLANG_WARN_INT_CONVERSION = YES;
				CLANG_WARN_NON_LITERAL_NULL_CONVERSION = YES;
				CLANG_WARN_OBJC_IMPLICIT_RETAIN_SELF = YES;
				CLANG_WARN_OBJC_LITERAL_CONVERSION = YES;
				CLANG_WARN_OBJC_ROOT_CLASS = YES_ERROR;
				CLANG_WARN_QUOTED_INCLUDE_IN_FRAMEWORK_HEADER = YES;
				CLANG_WARN_RANGE_LOOP_ANALYSIS = YES;
				CLANG_WARN_STRICT_PROTOTYPES = YES;
				CLANG_WARN_SUSPICIOUS_MOVE = YES;
				CLANG_WARN_UNGUARDED_AVAILABILITY = YES_AGGRESSIVE;
				CLANG_WARN_UNREACHABLE_CODE = YES;
				CLANG_WARN__DUPLICATE_METHOD_MATCH = YES;
				COPY_PHASE_STRIP = NO;
				DEBUG_INFORMATION_FORMAT = "dwarf-with-dsym";
				ENABLE_NS_ASSERTIONS = NO;
				ENABLE_STRICT_OBJC_MSGSEND = YES;
				GCC_C_LANGUAGE_STANDARD = gnu11;
				GCC_NO_COMMON_BLOCKS = YES;
				GCC_WARN_64_TO_32_BIT_CONVERSION = YES;
				GCC_WARN_ABOUT_RETURN_TYPE = YES_ERROR;
				GCC_WARN_UNDECLARED_SELECTOR = YES;
				GCC_WARN_UNINITIALIZED_AUTOS = YES_AGGRESSIVE;
				GCC_WARN_UNUSED_FUNCTION = YES;
				GCC_WARN_UNUSED_VARIABLE = YES;
				IPHONEOS_DEPLOYMENT_TARGET = 16.4;
				MTL_ENABLE_DEBUG_INFO = NO;
				MTL_FAST_MATH = YES;
				SDKROOT = iphoneos;
				SWIFT_COMPILATION_MODE = wholemodule;
				SWIFT_OPTIMIZATION_LEVEL = "-O";
				VALIDATE_PRODUCT = YES;
			};
			name = Release;
		};
		5E63F3C12BD68AB800DD5401 /* Debug */ = {
			isa = XCBuildConfiguration;
			buildSettings = {
				ASSETCATALOG_COMPILER_APPICON_NAME = AppIcon;
				ASSETCATALOG_COMPILER_GLOBAL_ACCENT_COLOR_NAME = AccentColor;
				CODE_SIGN_STYLE = Automatic;
				CURRENT_PROJECT_VERSION = 1;
				DEVELOPMENT_TEAM = H39H54675P;
				GENERATE_INFOPLIST_FILE = YES;
				INFOPLIST_FILE = CinemaStar/Info.plist;
				INFOPLIST_KEY_UIApplicationSupportsIndirectInputEvents = YES;
				INFOPLIST_KEY_UILaunchStoryboardName = LaunchScreen;
				INFOPLIST_KEY_UISupportedInterfaceOrientations_iPad = "UIInterfaceOrientationPortrait UIInterfaceOrientationPortraitUpsideDown UIInterfaceOrientationLandscapeLeft UIInterfaceOrientationLandscapeRight";
				INFOPLIST_KEY_UISupportedInterfaceOrientations_iPhone = "UIInterfaceOrientationPortrait UIInterfaceOrientationLandscapeLeft UIInterfaceOrientationLandscapeRight";
				LD_RUNPATH_SEARCH_PATHS = (
					"$(inherited)",
					"@executable_path/Frameworks",
				);
				MARKETING_VERSION = 1.0;
				PRODUCT_BUNDLE_IDENTIFIER = kshilina.CinemaStar;
				PRODUCT_NAME = "$(TARGET_NAME)";
				SWIFT_EMIT_LOC_STRINGS = YES;
				SWIFT_VERSION = 5.0;
				TARGETED_DEVICE_FAMILY = "1,2";
			};
			name = Debug;
		};
		5E63F3C22BD68AB800DD5401 /* Release */ = {
			isa = XCBuildConfiguration;
			buildSettings = {
				ASSETCATALOG_COMPILER_APPICON_NAME = AppIcon;
				ASSETCATALOG_COMPILER_GLOBAL_ACCENT_COLOR_NAME = AccentColor;
				CODE_SIGN_STYLE = Automatic;
				CURRENT_PROJECT_VERSION = 1;
				DEVELOPMENT_TEAM = H39H54675P;
				GENERATE_INFOPLIST_FILE = YES;
				INFOPLIST_FILE = CinemaStar/Info.plist;
				INFOPLIST_KEY_UIApplicationSupportsIndirectInputEvents = YES;
				INFOPLIST_KEY_UILaunchStoryboardName = LaunchScreen;
				INFOPLIST_KEY_UISupportedInterfaceOrientations_iPad = "UIInterfaceOrientationPortrait UIInterfaceOrientationPortraitUpsideDown UIInterfaceOrientationLandscapeLeft UIInterfaceOrientationLandscapeRight";
				INFOPLIST_KEY_UISupportedInterfaceOrientations_iPhone = "UIInterfaceOrientationPortrait UIInterfaceOrientationLandscapeLeft UIInterfaceOrientationLandscapeRight";
				LD_RUNPATH_SEARCH_PATHS = (
					"$(inherited)",
					"@executable_path/Frameworks",
				);
				MARKETING_VERSION = 1.0;
				PRODUCT_BUNDLE_IDENTIFIER = kshilina.CinemaStar;
				PRODUCT_NAME = "$(TARGET_NAME)";
				SWIFT_EMIT_LOC_STRINGS = YES;
				SWIFT_VERSION = 5.0;
				TARGETED_DEVICE_FAMILY = "1,2";
			};
			name = Release;
		};
		5E63F3C42BD68AB800DD5401 /* Debug */ = {
			isa = XCBuildConfiguration;
			buildSettings = {
				ALWAYS_EMBED_SWIFT_STANDARD_LIBRARIES = YES;
				BUNDLE_LOADER = "$(TEST_HOST)";
				CODE_SIGN_STYLE = Automatic;
				CURRENT_PROJECT_VERSION = 1;
				DEVELOPMENT_TEAM = H39H54675P;
				GENERATE_INFOPLIST_FILE = YES;
				IPHONEOS_DEPLOYMENT_TARGET = 16.4;
				MARKETING_VERSION = 1.0;
				PRODUCT_BUNDLE_IDENTIFIER = kshilina.CinemaStarTests;
				PRODUCT_NAME = "$(TARGET_NAME)";
				SWIFT_EMIT_LOC_STRINGS = NO;
				SWIFT_VERSION = 5.0;
				TARGETED_DEVICE_FAMILY = "1,2";
				TEST_HOST = "$(BUILT_PRODUCTS_DIR)/CinemaStar.app/$(BUNDLE_EXECUTABLE_FOLDER_PATH)/CinemaStar";
			};
			name = Debug;
		};
		5E63F3C52BD68AB800DD5401 /* Release */ = {
			isa = XCBuildConfiguration;
			buildSettings = {
				ALWAYS_EMBED_SWIFT_STANDARD_LIBRARIES = YES;
				BUNDLE_LOADER = "$(TEST_HOST)";
				CODE_SIGN_STYLE = Automatic;
				CURRENT_PROJECT_VERSION = 1;
				DEVELOPMENT_TEAM = H39H54675P;
				GENERATE_INFOPLIST_FILE = YES;
				IPHONEOS_DEPLOYMENT_TARGET = 16.4;
				MARKETING_VERSION = 1.0;
				PRODUCT_BUNDLE_IDENTIFIER = kshilina.CinemaStarTests;
				PRODUCT_NAME = "$(TARGET_NAME)";
				SWIFT_EMIT_LOC_STRINGS = NO;
				SWIFT_VERSION = 5.0;
				TARGETED_DEVICE_FAMILY = "1,2";
				TEST_HOST = "$(BUILT_PRODUCTS_DIR)/CinemaStar.app/$(BUNDLE_EXECUTABLE_FOLDER_PATH)/CinemaStar";
			};
			name = Release;
		};
		5E63F3C72BD68AB800DD5401 /* Debug */ = {
			isa = XCBuildConfiguration;
			buildSettings = {
				ALWAYS_EMBED_SWIFT_STANDARD_LIBRARIES = YES;
				CODE_SIGN_STYLE = Automatic;
				CURRENT_PROJECT_VERSION = 1;
				DEVELOPMENT_TEAM = H39H54675P;
				GENERATE_INFOPLIST_FILE = YES;
				MARKETING_VERSION = 1.0;
				PRODUCT_BUNDLE_IDENTIFIER = kshilina.CinemaStarUITests;
				PRODUCT_NAME = "$(TARGET_NAME)";
				SWIFT_EMIT_LOC_STRINGS = NO;
				SWIFT_VERSION = 5.0;
				TARGETED_DEVICE_FAMILY = "1,2";
				TEST_TARGET_NAME = CinemaStar;
			};
			name = Debug;
		};
		5E63F3C82BD68AB800DD5401 /* Release */ = {
			isa = XCBuildConfiguration;
			buildSettings = {
				ALWAYS_EMBED_SWIFT_STANDARD_LIBRARIES = YES;
				CODE_SIGN_STYLE = Automatic;
				CURRENT_PROJECT_VERSION = 1;
				DEVELOPMENT_TEAM = H39H54675P;
				GENERATE_INFOPLIST_FILE = YES;
				MARKETING_VERSION = 1.0;
				PRODUCT_BUNDLE_IDENTIFIER = kshilina.CinemaStarUITests;
				PRODUCT_NAME = "$(TARGET_NAME)";
				SWIFT_EMIT_LOC_STRINGS = NO;
				SWIFT_VERSION = 5.0;
				TARGETED_DEVICE_FAMILY = "1,2";
				TEST_TARGET_NAME = CinemaStar;
			};
			name = Release;
		};
/* End XCBuildConfiguration section */

/* Begin XCConfigurationList section */
		5E63F38E2BD68AB600DD5401 /* Build configuration list for PBXProject "CinemaStar" */ = {
			isa = XCConfigurationList;
			buildConfigurations = (
				5E63F3BE2BD68AB800DD5401 /* Debug */,
				5E63F3BF2BD68AB800DD5401 /* Release */,
			);
			defaultConfigurationIsVisible = 0;
			defaultConfigurationName = Release;
		};
		5E63F3C02BD68AB800DD5401 /* Build configuration list for PBXNativeTarget "CinemaStar" */ = {
			isa = XCConfigurationList;
			buildConfigurations = (
				5E63F3C12BD68AB800DD5401 /* Debug */,
				5E63F3C22BD68AB800DD5401 /* Release */,
			);
			defaultConfigurationIsVisible = 0;
			defaultConfigurationName = Release;
		};
		5E63F3C32BD68AB800DD5401 /* Build configuration list for PBXNativeTarget "CinemaStarTests" */ = {
			isa = XCConfigurationList;
			buildConfigurations = (
				5E63F3C42BD68AB800DD5401 /* Debug */,
				5E63F3C52BD68AB800DD5401 /* Release */,
			);
			defaultConfigurationIsVisible = 0;
			defaultConfigurationName = Release;
		};
		5E63F3C62BD68AB800DD5401 /* Build configuration list for PBXNativeTarget "CinemaStarUITests" */ = {
			isa = XCConfigurationList;
			buildConfigurations = (
				5E63F3C72BD68AB800DD5401 /* Debug */,
				5E63F3C82BD68AB800DD5401 /* Release */,
			);
			defaultConfigurationIsVisible = 0;
			defaultConfigurationName = Release;
		};
/* End XCConfigurationList section */

/* Begin XCRemoteSwiftPackageReference section */
		5E7166FA2BDD51FF000E992B /* XCRemoteSwiftPackageReference "keychain-swift" */ = {
			isa = XCRemoteSwiftPackageReference;
			repositoryURL = "https://github.com/evgenyneu/keychain-swift";
			requirement = {
				kind = upToNextMajorVersion;
				minimumVersion = 24.0.0;
			};
		};
/* End XCRemoteSwiftPackageReference section */

/* Begin XCSwiftPackageProductDependency section */
		5E7166FB2BDD51FF000E992B /* KeychainSwift */ = {
			isa = XCSwiftPackageProductDependency;
			package = 5E7166FA2BDD51FF000E992B /* XCRemoteSwiftPackageReference "keychain-swift" */;
			productName = KeychainSwift;
		};
/* End XCSwiftPackageProductDependency section */

/* Begin XCVersionGroup section */
		5E63F39F2BD68AB600DD5401 /* CinemaStar.xcdatamodeld */ = {
			isa = XCVersionGroup;
			children = (
				5E63F3A02BD68AB600DD5401 /* CinemaStar.xcdatamodel */,
			);
			currentVersion = 5E63F3A02BD68AB600DD5401 /* CinemaStar.xcdatamodel */;
			path = CinemaStar.xcdatamodeld;
			sourceTree = "<group>";
			versionGroupType = wrapper.xcdatamodel;
		};
/* End XCVersionGroup section */
	};
	rootObject = 5E63F38B2BD68AB600DD5401 /* Project object */;
}
