// !$*UTF8*$!
{
	archiveVersion = 1;
	classes = {
	};
	objectVersion = 56;
	objects = {

/* Begin PBXBuildFile section */
		5E63F3972BD68AB600DD5401 /* AppDelegate.swift in Sources */ = {isa = PBXBuildFile; fileRef = 5E63F3962BD68AB600DD5401 /* AppDelegate.swift */; };
		5E63F3992BD68AB600DD5401 /* SceneDelegate.swift in Sources */ = {isa = PBXBuildFile; fileRef = 5E63F3982BD68AB600DD5401 /* SceneDelegate.swift */; };
		5E63F3A12BD68AB600DD5401 /* CinemaStar.xcdatamodeld in Sources */ = {isa = PBXBuildFile; fileRef = 5E63F39F2BD68AB600DD5401 /* CinemaStar.xcdatamodeld */; };
		5E63F3A32BD68AB700DD5401 /* Assets.xcassets in Resources */ = {isa = PBXBuildFile; fileRef = 5E63F3A22BD68AB700DD5401 /* Assets.xcassets */; };
		5E63F3A62BD68AB700DD5401 /* LaunchScreen.storyboard in Resources */ = {isa = PBXBuildFile; fileRef = 5E63F3A42BD68AB700DD5401 /* LaunchScreen.storyboard */; };
		5E63F3D22BD69F1B00DD5401 /* Builder.swift in Sources */ = {isa = PBXBuildFile; fileRef = 5E63F3D12BD69F1B00DD5401 /* Builder.swift */; };
		5E63F3E72BD6A99A00DD5401 /* VoidHandler.swift in Sources */ = {isa = PBXBuildFile; fileRef = 5E63F3E62BD6A99A00DD5401 /* VoidHandler.swift */; };
		5E63F3F92BD8CE3C00DD5401 /* Movie.swift in Sources */ = {isa = PBXBuildFile; fileRef = 5E63F3F82BD8CE3C00DD5401 /* Movie.swift */; };
		5E63F3FB2BD8CE7F00DD5401 /* MoviesDTO.swift in Sources */ = {isa = PBXBuildFile; fileRef = 5E63F3FA2BD8CE7F00DD5401 /* MoviesDTO.swift */; };
		5E63F3FE2BD8D50E00DD5401 /* DocDTO.swift in Sources */ = {isa = PBXBuildFile; fileRef = 5E63F3FD2BD8D50E00DD5401 /* DocDTO.swift */; };
		5E63F4002BD8D52C00DD5401 /* BackdropDTO.swift in Sources */ = {isa = PBXBuildFile; fileRef = 5E63F3FF2BD8D52C00DD5401 /* BackdropDTO.swift */; };
		5E63F4022BD8D54500DD5401 /* RatingDTO.swift in Sources */ = {isa = PBXBuildFile; fileRef = 5E63F4012BD8D54500DD5401 /* RatingDTO.swift */; };
		5E6BC48F2C076BD600C84EC7 /* SwiftDataMovies.swift in Sources */ = {isa = PBXBuildFile; fileRef = 5E6BC48E2C076BD600C84EC7 /* SwiftDataMovies.swift */; };
		5E6BC4912C076C3000C84EC7 /* SwiftDataMovieDetail.swift in Sources */ = {isa = PBXBuildFile; fileRef = 5E6BC4902C076C3000C84EC7 /* SwiftDataMovieDetail.swift */; };
		5E6BC4952C076DDC00C84EC7 /* NetworkService.swift in Sources */ = {isa = PBXBuildFile; fileRef = 5E6BC4942C076DDC00C84EC7 /* NetworkService.swift */; };
		5E6BC49B2C0770D900C84EC7 /* MoviesView.swift in Sources */ = {isa = PBXBuildFile; fileRef = 5E6BC49A2C0770D900C84EC7 /* MoviesView.swift */; };
		5E6BC49D2C0770F900C84EC7 /* MoviesInteractor.swift in Sources */ = {isa = PBXBuildFile; fileRef = 5E6BC49C2C0770F900C84EC7 /* MoviesInteractor.swift */; };
		5E6BC49F2C07711000C84EC7 /* MoviesPresentor.swift in Sources */ = {isa = PBXBuildFile; fileRef = 5E6BC49E2C07711000C84EC7 /* MoviesPresentor.swift */; };
		5E6BC4A12C07712E00C84EC7 /* MoviesRouter.swift in Sources */ = {isa = PBXBuildFile; fileRef = 5E6BC4A02C07712E00C84EC7 /* MoviesRouter.swift */; };
		5E6BC4A32C07715600C84EC7 /* MovieDetailsView.swift in Sources */ = {isa = PBXBuildFile; fileRef = 5E6BC4A22C07715600C84EC7 /* MovieDetailsView.swift */; };
		5E6BC4A52C07717F00C84EC7 /* MovieDetailsInteractor.swift in Sources */ = {isa = PBXBuildFile; fileRef = 5E6BC4A42C07717F00C84EC7 /* MovieDetailsInteractor.swift */; };
		5E6BC4A72C0771A200C84EC7 /* MovieDetailsPresenter.swift in Sources */ = {isa = PBXBuildFile; fileRef = 5E6BC4A62C0771A200C84EC7 /* MovieDetailsPresenter.swift */; };
		5E6BC4A92C0771BD00C84EC7 /* MovieDetailsRouter.swift in Sources */ = {isa = PBXBuildFile; fileRef = 5E6BC4A82C0771BD00C84EC7 /* MovieDetailsRouter.swift */; };
		5E6BC4AB2C07775000C84EC7 /* MovieDetails.swift in Sources */ = {isa = PBXBuildFile; fileRef = 5E6BC4AA2C07775000C84EC7 /* MovieDetails.swift */; };
		5E6BC4AD2C07776800C84EC7 /* MoviesSimilars.swift in Sources */ = {isa = PBXBuildFile; fileRef = 5E6BC4AC2C07776800C84EC7 /* MoviesSimilars.swift */; };
		5E6BC4AF2C07777C00C84EC7 /* MovieActor.swift in Sources */ = {isa = PBXBuildFile; fileRef = 5E6BC4AE2C07777C00C84EC7 /* MovieActor.swift */; };
		5E6BC4B12C0777F400C84EC7 /* CinemaStarApp.swift in Sources */ = {isa = PBXBuildFile; fileRef = 5E6BC4B02C0777F400C84EC7 /* CinemaStarApp.swift */; };
		5E6BC4B82C0794A200C84EC7 /* MoviesCollectionView.swift in Sources */ = {isa = PBXBuildFile; fileRef = 5E6BC4B72C0794A200C84EC7 /* MoviesCollectionView.swift */; };
		5E6BC4BF2C0926C300C84EC7 /* MoviesInteractorTests.swift in Sources */ = {isa = PBXBuildFile; fileRef = 5E6BC4BE2C0926C300C84EC7 /* MoviesInteractorTests.swift */; };
		5E6BC4C12C09281B00C84EC7 /* MoviesDetailInteractorTests.swift in Sources */ = {isa = PBXBuildFile; fileRef = 5E6BC4C02C09281B00C84EC7 /* MoviesDetailInteractorTests.swift */; };
		5E7166EF2BDAC153000E992B /* PosterDTO.swift in Sources */ = {isa = PBXBuildFile; fileRef = 5E7166EE2BDAC153000E992B /* PosterDTO.swift */; };
		5E7166F12BDAC1D5000E992B /* CountryDTO.swift in Sources */ = {isa = PBXBuildFile; fileRef = 5E7166F02BDAC1D5000E992B /* CountryDTO.swift */; };
		5E7166F42BDAC272000E992B /* ActorsDTO.swift in Sources */ = {isa = PBXBuildFile; fileRef = 5E7166F32BDAC272000E992B /* ActorsDTO.swift */; };
		5E7166F62BDAC2B7000E992B /* LanguageDTO.swift in Sources */ = {isa = PBXBuildFile; fileRef = 5E7166F52BDAC2B7000E992B /* LanguageDTO.swift */; };
		5E7166F92BDD50C0000E992B /* KeychainService.swift in Sources */ = {isa = PBXBuildFile; fileRef = 5E7166F82BDD50C0000E992B /* KeychainService.swift */; };
		5E7166FC2BDD51FF000E992B /* KeychainSwift in Frameworks */ = {isa = PBXBuildFile; productRef = 5E7166FB2BDD51FF000E992B /* KeychainSwift */; };
		5E7167042BDD5917000E992B /* ViewState.swift in Sources */ = {isa = PBXBuildFile; fileRef = 5E7167032BDD5917000E992B /* ViewState.swift */; };
		5E7167092BDD5B0E000E992B /* UIView+Extension.swift in Sources */ = {isa = PBXBuildFile; fileRef = 5E7167082BDD5B0E000E992B /* UIView+Extension.swift */; };
/* End PBXBuildFile section */

/* Begin PBXContainerItemProxy section */
		5E63F3AD2BD68AB800DD5401 /* PBXContainerItemProxy */ = {
			isa = PBXContainerItemProxy;
			containerPortal = 5E63F38B2BD68AB600DD5401 /* Project object */;
			proxyType = 1;
			remoteGlobalIDString = 5E63F3922BD68AB600DD5401;
			remoteInfo = CinemaStar;
		};
		5E63F3B72BD68AB800DD5401 /* PBXContainerItemProxy */ = {
			isa = PBXContainerItemProxy;
			containerPortal = 5E63F38B2BD68AB600DD5401 /* Project object */;
			proxyType = 1;
			remoteGlobalIDString = 5E63F3922BD68AB600DD5401;
			remoteInfo = CinemaStar;
		};
/* End PBXContainerItemProxy section */

/* Begin PBXFileReference section */
		5E63F3932BD68AB600DD5401 /* CinemaStar.app */ = {isa = PBXFileReference; explicitFileType = wrapper.application; includeInIndex = 0; path = CinemaStar.app; sourceTree = BUILT_PRODUCTS_DIR; };
		5E63F3962BD68AB600DD5401 /* AppDelegate.swift */ = {isa = PBXFileReference; lastKnownFileType = sourcecode.swift; path = AppDelegate.swift; sourceTree = "<group>"; };
		5E63F3982BD68AB600DD5401 /* SceneDelegate.swift */ = {isa = PBXFileReference; lastKnownFileType = sourcecode.swift; path = SceneDelegate.swift; sourceTree = "<group>"; };
		5E63F3A02BD68AB600DD5401 /* CinemaStar.xcdatamodel */ = {isa = PBXFileReference; lastKnownFileType = wrapper.xcdatamodel; path = CinemaStar.xcdatamodel; sourceTree = "<group>"; };
		5E63F3A22BD68AB700DD5401 /* Assets.xcassets */ = {isa = PBXFileReference; lastKnownFileType = folder.assetcatalog; path = Assets.xcassets; sourceTree = "<group>"; };
		5E63F3A52BD68AB700DD5401 /* Base */ = {isa = PBXFileReference; lastKnownFileType = file.storyboard; name = Base; path = Base.lproj/LaunchScreen.storyboard; sourceTree = "<group>"; };
		5E63F3A72BD68AB700DD5401 /* Info.plist */ = {isa = PBXFileReference; lastKnownFileType = text.plist.xml; path = Info.plist; sourceTree = "<group>"; };
		5E63F3AC2BD68AB800DD5401 /* CinemaStarTests.xctest */ = {isa = PBXFileReference; explicitFileType = wrapper.cfbundle; includeInIndex = 0; path = CinemaStarTests.xctest; sourceTree = BUILT_PRODUCTS_DIR; };
		5E63F3B62BD68AB800DD5401 /* CinemaStarUITests.xctest */ = {isa = PBXFileReference; explicitFileType = wrapper.cfbundle; includeInIndex = 0; path = CinemaStarUITests.xctest; sourceTree = BUILT_PRODUCTS_DIR; };
		5E63F3D12BD69F1B00DD5401 /* Builder.swift */ = {isa = PBXFileReference; lastKnownFileType = sourcecode.swift; path = Builder.swift; sourceTree = "<group>"; };
		5E63F3E62BD6A99A00DD5401 /* VoidHandler.swift */ = {isa = PBXFileReference; lastKnownFileType = sourcecode.swift; path = VoidHandler.swift; sourceTree = "<group>"; };
		5E63F3F82BD8CE3C00DD5401 /* Movie.swift */ = {isa = PBXFileReference; lastKnownFileType = sourcecode.swift; path = Movie.swift; sourceTree = "<group>"; };
		5E63F3FA2BD8CE7F00DD5401 /* MoviesDTO.swift */ = {isa = PBXFileReference; lastKnownFileType = sourcecode.swift; path = MoviesDTO.swift; sourceTree = "<group>"; };
		5E63F3FD2BD8D50E00DD5401 /* DocDTO.swift */ = {isa = PBXFileReference; lastKnownFileType = sourcecode.swift; path = DocDTO.swift; sourceTree = "<group>"; };
		5E63F3FF2BD8D52C00DD5401 /* BackdropDTO.swift */ = {isa = PBXFileReference; lastKnownFileType = sourcecode.swift; path = BackdropDTO.swift; sourceTree = "<group>"; };
		5E63F4012BD8D54500DD5401 /* RatingDTO.swift */ = {isa = PBXFileReference; lastKnownFileType = sourcecode.swift; path = RatingDTO.swift; sourceTree = "<group>"; };
		5E6BC48E2C076BD600C84EC7 /* SwiftDataMovies.swift */ = {isa = PBXFileReference; lastKnownFileType = sourcecode.swift; path = SwiftDataMovies.swift; sourceTree = "<group>"; };
		5E6BC4902C076C3000C84EC7 /* SwiftDataMovieDetail.swift */ = {isa = PBXFileReference; lastKnownFileType = sourcecode.swift; path = SwiftDataMovieDetail.swift; sourceTree = "<group>"; };
		5E6BC4942C076DDC00C84EC7 /* NetworkService.swift */ = {isa = PBXFileReference; lastKnownFileType = sourcecode.swift; path = NetworkService.swift; sourceTree = "<group>"; };
		5E6BC49A2C0770D900C84EC7 /* MoviesView.swift */ = {isa = PBXFileReference; lastKnownFileType = sourcecode.swift; path = MoviesView.swift; sourceTree = "<group>"; };
		5E6BC49C2C0770F900C84EC7 /* MoviesInteractor.swift */ = {isa = PBXFileReference; lastKnownFileType = sourcecode.swift; path = MoviesInteractor.swift; sourceTree = "<group>"; };
		5E6BC49E2C07711000C84EC7 /* MoviesPresentor.swift */ = {isa = PBXFileReference; lastKnownFileType = sourcecode.swift; path = MoviesPresentor.swift; sourceTree = "<group>"; };
		5E6BC4A02C07712E00C84EC7 /* MoviesRouter.swift */ = {isa = PBXFileReference; lastKnownFileType = sourcecode.swift; path = MoviesRouter.swift; sourceTree = "<group>"; };
		5E6BC4A22C07715600C84EC7 /* MovieDetailsView.swift */ = {isa = PBXFileReference; lastKnownFileType = sourcecode.swift; path = MovieDetailsView.swift; sourceTree = "<group>"; };
		5E6BC4A42C07717F00C84EC7 /* MovieDetailsInteractor.swift */ = {isa = PBXFileReference; lastKnownFileType = sourcecode.swift; path = MovieDetailsInteractor.swift; sourceTree = "<group>"; };
		5E6BC4A62C0771A200C84EC7 /* MovieDetailsPresenter.swift */ = {isa = PBXFileReference; lastKnownFileType = sourcecode.swift; path = MovieDetailsPresenter.swift; sourceTree = "<group>"; };
		5E6BC4A82C0771BD00C84EC7 /* MovieDetailsRouter.swift */ = {isa = PBXFileReference; lastKnownFileType = sourcecode.swift; path = MovieDetailsRouter.swift; sourceTree = "<group>"; };
		5E6BC4AA2C07775000C84EC7 /* MovieDetails.swift */ = {isa = PBXFileReference; lastKnownFileType = sourcecode.swift; path = MovieDetails.swift; sourceTree = "<group>"; };
		5E6BC4AC2C07776800C84EC7 /* MoviesSimilars.swift */ = {isa = PBXFileReference; lastKnownFileType = sourcecode.swift; path = MoviesSimilars.swift; sourceTree = "<group>"; };
		5E6BC4AE2C07777C00C84EC7 /* MovieActor.swift */ = {isa = PBXFileReference; lastKnownFileType = sourcecode.swift; path = MovieActor.swift; sourceTree = "<group>"; };
		5E6BC4B02C0777F400C84EC7 /* CinemaStarApp.swift */ = {isa = PBXFileReference; lastKnownFileType = sourcecode.swift; path = CinemaStarApp.swift; sourceTree = "<group>"; };
		5E6BC4B72C0794A200C84EC7 /* MoviesCollectionView.swift */ = {isa = PBXFileReference; lastKnownFileType = sourcecode.swift; path = MoviesCollectionView.swift; sourceTree = "<group>"; };
		5E6BC4BE2C0926C300C84EC7 /* MoviesInteractorTests.swift */ = {isa = PBXFileReference; lastKnownFileType = sourcecode.swift; path = MoviesInteractorTests.swift; sourceTree = "<group>"; };
		5E6BC4C02C09281B00C84EC7 /* MoviesDetailInteractorTests.swift */ = {isa = PBXFileReference; lastKnownFileType = sourcecode.swift; path = MoviesDetailInteractorTests.swift; sourceTree = "<group>"; };
		5E7166EE2BDAC153000E992B /* PosterDTO.swift */ = {isa = PBXFileReference; lastKnownFileType = sourcecode.swift; path = PosterDTO.swift; sourceTree = "<group>"; };
		5E7166F02BDAC1D5000E992B /* CountryDTO.swift */ = {isa = PBXFileReference; lastKnownFileType = sourcecode.swift; path = CountryDTO.swift; sourceTree = "<group>"; };
		5E7166F32BDAC272000E992B /* ActorsDTO.swift */ = {isa = PBXFileReference; lastKnownFileType = sourcecode.swift; path = ActorsDTO.swift; sourceTree = "<group>"; };
		5E7166F52BDAC2B7000E992B /* LanguageDTO.swift */ = {isa = PBXFileReference; lastKnownFileType = sourcecode.swift; path = LanguageDTO.swift; sourceTree = "<group>"; };
		5E7166F82BDD50C0000E992B /* KeychainService.swift */ = {isa = PBXFileReference; lastKnownFileType = sourcecode.swift; path = KeychainService.swift; sourceTree = "<group>"; };
		5E7167032BDD5917000E992B /* ViewState.swift */ = {isa = PBXFileReference; lastKnownFileType = sourcecode.swift; path = ViewState.swift; sourceTree = "<group>"; };
		5E7167082BDD5B0E000E992B /* UIView+Extension.swift */ = {isa = PBXFileReference; lastKnownFileType = sourcecode.swift; path = "UIView+Extension.swift"; sourceTree = "<group>"; };
/* End PBXFileReference section */

/* Begin PBXFrameworksBuildPhase section */
		5E63F3902BD68AB600DD5401 /* Frameworks */ = {
			isa = PBXFrameworksBuildPhase;
			buildActionMask = 2147483647;
			files = (
				5E7166FC2BDD51FF000E992B /* KeychainSwift in Frameworks */,
			);
			runOnlyForDeploymentPostprocessing = 0;
		};
		5E63F3A92BD68AB800DD5401 /* Frameworks */ = {
			isa = PBXFrameworksBuildPhase;
			buildActionMask = 2147483647;
			files = (
			);
			runOnlyForDeploymentPostprocessing = 0;
		};
		5E63F3B32BD68AB800DD5401 /* Frameworks */ = {
			isa = PBXFrameworksBuildPhase;
			buildActionMask = 2147483647;
			files = (
			);
			runOnlyForDeploymentPostprocessing = 0;
		};
/* End PBXFrameworksBuildPhase section */

/* Begin PBXGroup section */
		5E63F38A2BD68AB600DD5401 = {
			isa = PBXGroup;
			children = (
				5E6BC4B32C077BDC00C84EC7 /* Movies */,
				5E6BC4B22C077BBD00C84EC7 /* MoviesDetail */,
				5E7166F72BDD509B000E992B /* KeyChain */,
				5E63F3F42BD8CD6100DD5401 /* NetworkService */,
				5E6BC4B62C078EDB00C84EC7 /* Builder */,
				5E6BC4C22C092A6400C84EC7 /* InteractorTest */,
				5E63F3952BD68AB600DD5401 /* CinemaStar */,
				5E63F3942BD68AB600DD5401 /* Products */,
			);
			sourceTree = "<group>";
		};
		5E63F3942BD68AB600DD5401 /* Products */ = {
			isa = PBXGroup;
			children = (
				5E63F3932BD68AB600DD5401 /* CinemaStar.app */,
				5E63F3AC2BD68AB800DD5401 /* CinemaStarTests.xctest */,
				5E63F3B62BD68AB800DD5401 /* CinemaStarUITests.xctest */,
			);
			name = Products;
			sourceTree = "<group>";
		};
		5E63F3952BD68AB600DD5401 /* CinemaStar */ = {
			isa = PBXGroup;
			children = (
				5E6BC4B52C078EC000C84EC7 /* SwiftData */,
				5E63F3FC2BD8D31E00DD5401 /* ModelsDTO */,
				5E7167072BDD5AF0000E992B /* Extensions */,
				5E6BC4BA2C090EDF00C84EC7 /* Helpers */,
				5E63F3962BD68AB600DD5401 /* AppDelegate.swift */,
				5E63F3982BD68AB600DD5401 /* SceneDelegate.swift */,
				5E63F3A22BD68AB700DD5401 /* Assets.xcassets */,
				5E63F3A42BD68AB700DD5401 /* LaunchScreen.storyboard */,
				5E63F3A72BD68AB700DD5401 /* Info.plist */,
				5E63F39F2BD68AB600DD5401 /* CinemaStar.xcdatamodeld */,
				5E6BC4B02C0777F400C84EC7 /* CinemaStarApp.swift */,
			);
			path = CinemaStar;
			sourceTree = "<group>";
		};
		5E63F3F42BD8CD6100DD5401 /* NetworkService */ = {
			isa = PBXGroup;
			children = (
				5E6BC4942C076DDC00C84EC7 /* NetworkService.swift */,
			);
			path = NetworkService;
			sourceTree = "<group>";
		};
		5E63F3FC2BD8D31E00DD5401 /* ModelsDTO */ = {
			isa = PBXGroup;
			children = (
				5E63F3FA2BD8CE7F00DD5401 /* MoviesDTO.swift */,
				5E63F3FD2BD8D50E00DD5401 /* DocDTO.swift */,
				5E7166EE2BDAC153000E992B /* PosterDTO.swift */,
				5E63F4012BD8D54500DD5401 /* RatingDTO.swift */,
				5E7166F02BDAC1D5000E992B /* CountryDTO.swift */,
				5E63F3FF2BD8D52C00DD5401 /* BackdropDTO.swift */,
				5E7166F32BDAC272000E992B /* ActorsDTO.swift */,
				5E7166F52BDAC2B7000E992B /* LanguageDTO.swift */,
			);
			path = ModelsDTO;
			sourceTree = "<group>";
		};
		5E6BC4B22C077BBD00C84EC7 /* MoviesDetail */ = {
			isa = PBXGroup;
			children = (
				5E6BC4A22C07715600C84EC7 /* MovieDetailsView.swift */,
				5E6BC4A42C07717F00C84EC7 /* MovieDetailsInteractor.swift */,
				5E6BC4A62C0771A200C84EC7 /* MovieDetailsPresenter.swift */,
				5E6BC4AA2C07775000C84EC7 /* MovieDetails.swift */,
				5E6BC4AC2C07776800C84EC7 /* MoviesSimilars.swift */,
				5E6BC4AE2C07777C00C84EC7 /* MovieActor.swift */,
				5E6BC4A82C0771BD00C84EC7 /* MovieDetailsRouter.swift */,
			);
			path = MoviesDetail;
			sourceTree = "<group>";
		};
		5E6BC4B32C077BDC00C84EC7 /* Movies */ = {
			isa = PBXGroup;
			children = (
				5E6BC49A2C0770D900C84EC7 /* MoviesView.swift */,
				5E6BC49C2C0770F900C84EC7 /* MoviesInteractor.swift */,
				5E6BC49E2C07711000C84EC7 /* MoviesPresentor.swift */,
				5E63F3F82BD8CE3C00DD5401 /* Movie.swift */,
				5E6BC4B72C0794A200C84EC7 /* MoviesCollectionView.swift */,
				5E6BC4A02C07712E00C84EC7 /* MoviesRouter.swift */,
			);
			name = Movies;
			path = NetworkService/Movies;
			sourceTree = "<group>";
		};
		5E6BC4B52C078EC000C84EC7 /* SwiftData */ = {
			isa = PBXGroup;
			children = (
				5E6BC4902C076C3000C84EC7 /* SwiftDataMovieDetail.swift */,
				5E6BC48E2C076BD600C84EC7 /* SwiftDataMovies.swift */,
			);
			path = SwiftData;
			sourceTree = "<group>";
		};
		5E6BC4B62C078EDB00C84EC7 /* Builder */ = {
			isa = PBXGroup;
			children = (
				5E63F3D12BD69F1B00DD5401 /* Builder.swift */,
			);
			path = Builder;
			sourceTree = "<group>";
		};
		5E6BC4B92C090D8100C84EC7 /* State */ = {
			isa = PBXGroup;
			children = (
				5E7167032BDD5917000E992B /* ViewState.swift */,
			);
			path = State;
			sourceTree = "<group>";
		};
		5E6BC4BA2C090EDF00C84EC7 /* Helpers */ = {
			isa = PBXGroup;
			children = (
				5E63F3E62BD6A99A00DD5401 /* VoidHandler.swift */,
				5E6BC4B92C090D8100C84EC7 /* State */,
			);
			path = Helpers;
			sourceTree = "<group>";
		};
		5E6BC4C22C092A6400C84EC7 /* InteractorTest */ = {
			isa = PBXGroup;
			children = (
				5E6BC4C02C09281B00C84EC7 /* MoviesDetailInteractorTests.swift */,
				5E6BC4BE2C0926C300C84EC7 /* MoviesInteractorTests.swift */,
			);
			path = InteractorTest;
			sourceTree = "<group>";
		};
		5E7166F72BDD509B000E992B /* KeyChain */ = {
			isa = PBXGroup;
			children = (
				5E7166F82BDD50C0000E992B /* KeychainService.swift */,
			);
			path = KeyChain;
			sourceTree = "<group>";
		};
		5E7167072BDD5AF0000E992B /* Extensions */ = {
			isa = PBXGroup;
			children = (
				5E7167082BDD5B0E000E992B /* UIView+Extension.swift */,
			);
			path = Extensions;
			sourceTree = "<group>";
		};
/* End PBXGroup section */

/* Begin PBXNativeTarget section */
		5E63F3922BD68AB600DD5401 /* CinemaStar */ = {
			isa = PBXNativeTarget;
			buildConfigurationList = 5E63F3C02BD68AB800DD5401 /* Build configuration list for PBXNativeTarget "CinemaStar" */;
			buildPhases = (
				5E63F3CA2BD690C900DD5401 /* SwiftFormat */,
				5E63F38F2BD68AB600DD5401 /* Sources */,
				5E63F3C92BD6908900DD5401 /* SwiftLint */,
				5E63F3902BD68AB600DD5401 /* Frameworks */,
				5E63F3912BD68AB600DD5401 /* Resources */,
			);
			buildRules = (
			);
			dependencies = (
			);
			name = CinemaStar;
			packageProductDependencies = (
				5E7166FB2BDD51FF000E992B /* KeychainSwift */,
			);
			productName = CinemaStar;
			productReference = 5E63F3932BD68AB600DD5401 /* CinemaStar.app */;
			productType = "com.apple.product-type.application";
		};
		5E63F3AB2BD68AB800DD5401 /* CinemaStarTests */ = {
			isa = PBXNativeTarget;
			buildConfigurationList = 5E63F3C32BD68AB800DD5401 /* Build configuration list for PBXNativeTarget "CinemaStarTests" */;
			buildPhases = (
				5E63F3A82BD68AB800DD5401 /* Sources */,
				5E63F3A92BD68AB800DD5401 /* Frameworks */,
				5E63F3AA2BD68AB800DD5401 /* Resources */,
			);
			buildRules = (
			);
			dependencies = (
				5E63F3AE2BD68AB800DD5401 /* PBXTargetDependency */,
			);
			name = CinemaStarTests;
			productName = CinemaStarTests;
			productReference = 5E63F3AC2BD68AB800DD5401 /* CinemaStarTests.xctest */;
			productType = "com.apple.product-type.bundle.unit-test";
		};
		5E63F3B52BD68AB800DD5401 /* CinemaStarUITests */ = {
			isa = PBXNativeTarget;
			buildConfigurationList = 5E63F3C62BD68AB800DD5401 /* Build configuration list for PBXNativeTarget "CinemaStarUITests" */;
			buildPhases = (
				5E63F3B22BD68AB800DD5401 /* Sources */,
				5E63F3B32BD68AB800DD5401 /* Frameworks */,
				5E63F3B42BD68AB800DD5401 /* Resources */,
			);
			buildRules = (
			);
			dependencies = (
				5E63F3B82BD68AB800DD5401 /* PBXTargetDependency */,
			);
			name = CinemaStarUITests;
			productName = CinemaStarUITests;
			productReference = 5E63F3B62BD68AB800DD5401 /* CinemaStarUITests.xctest */;
			productType = "com.apple.product-type.bundle.ui-testing";
		};
/* End PBXNativeTarget section */

/* Begin PBXProject section */
		5E63F38B2BD68AB600DD5401 /* Project object */ = {
			isa = PBXProject;
			attributes = {
				BuildIndependentTargetsInParallel = 1;
				LastSwiftUpdateCheck = 1430;
				LastUpgradeCheck = 1430;
				TargetAttributes = {
					5E63F3922BD68AB600DD5401 = {
						CreatedOnToolsVersion = 14.3.1;
					};
					5E63F3AB2BD68AB800DD5401 = {
						CreatedOnToolsVersion = 14.3.1;
						LastSwiftMigration = 1530;
						TestTargetID = 5E63F3922BD68AB600DD5401;
					};
					5E63F3B52BD68AB800DD5401 = {
						CreatedOnToolsVersion = 14.3.1;
						TestTargetID = 5E63F3922BD68AB600DD5401;
					};
				};
			};
			buildConfigurationList = 5E63F38E2BD68AB600DD5401 /* Build configuration list for PBXProject "CinemaStar" */;
			compatibilityVersion = "Xcode 14.0";
			developmentRegion = en;
			hasScannedForEncodings = 0;
			knownRegions = (
				en,
				Base,
			);
			mainGroup = 5E63F38A2BD68AB600DD5401;
			packageReferences = (
				5E7166FA2BDD51FF000E992B /* XCRemoteSwiftPackageReference "keychain-swift" */,
			);
			productRefGroup = 5E63F3942BD68AB600DD5401 /* Products */;
			projectDirPath = "";
			projectRoot = "";
			targets = (
				5E63F3922BD68AB600DD5401 /* CinemaStar */,
				5E63F3AB2BD68AB800DD5401 /* CinemaStarTests */,
				5E63F3B52BD68AB800DD5401 /* CinemaStarUITests */,
			);
		};
/* End PBXProject section */

/* Begin PBXResourcesBuildPhase section */
		5E63F3912BD68AB600DD5401 /* Resources */ = {
			isa = PBXResourcesBuildPhase;
			buildActionMask = 2147483647;
			files = (
				5E63F3A62BD68AB700DD5401 /* LaunchScreen.storyboard in Resources */,
				5E63F3A32BD68AB700DD5401 /* Assets.xcassets in Resources */,
			);
			runOnlyForDeploymentPostprocessing = 0;
		};
		5E63F3AA2BD68AB800DD5401 /* Resources */ = {
			isa = PBXResourcesBuildPhase;
			buildActionMask = 2147483647;
			files = (
			);
			runOnlyForDeploymentPostprocessing = 0;
		};
		5E63F3B42BD68AB800DD5401 /* Resources */ = {
			isa = PBXResourcesBuildPhase;
			buildActionMask = 2147483647;
			files = (
			);
			runOnlyForDeploymentPostprocessing = 0;
		};
/* End PBXResourcesBuildPhase section */

/* Begin PBXShellScriptBuildPhase section */
		5E63F3C92BD6908900DD5401 /* SwiftLint */ = {
			isa = PBXShellScriptBuildPhase;
			alwaysOutOfDate = 1;
			buildActionMask = 2147483647;
			files = (
			);
			inputFileListPaths = (
			);
			inputPaths = (
			);
			name = SwiftLint;
			outputFileListPaths = (
			);
			outputPaths = (
			);
			runOnlyForDeploymentPostprocessing = 0;
			shellPath = /bin/sh;
			shellScript = "if [[ \"$(uname -m)\" == arm64 ]]; then\n    export PATH=\"/opt/homebrew/bin:$PATH\"\nfi\n\nif which swiftformat >/dev/null; then\n  swiftformat .\nelse\n  echo \"warning: SwiftFormat not installed, download from https://github.com/nicklockwood/SwiftFormat\"\nfi\n";
			showEnvVarsInLog = 0;
		};
		5E63F3CA2BD690C900DD5401 /* SwiftFormat */ = {
			isa = PBXShellScriptBuildPhase;
			alwaysOutOfDate = 1;
			buildActionMask = 2147483647;
			files = (
			);
			inputFileListPaths = (
			);
			inputPaths = (
			);
			name = SwiftFormat;
			outputFileListPaths = (
			);
			outputPaths = (
			);
			runOnlyForDeploymentPostprocessing = 0;
			shellPath = /bin/sh;
			shellScript = "if [[ \"$(uname -m)\" == arm64 ]]; then\n    export PATH=\"/opt/homebrew/bin:$PATH\"\nfi\n\nif which swiftlint > /dev/null; then\n  swiftlint\nelse\n  echo \"warning: SwiftLint not installed, download from https://github.com/realm/SwiftLint\"\nfi\n";
			showEnvVarsInLog = 0;
		};
/* End PBXShellScriptBuildPhase section */

/* Begin PBXSourcesBuildPhase section */
		5E63F38F2BD68AB600DD5401 /* Sources */ = {
			isa = PBXSourcesBuildPhase;
			buildActionMask = 2147483647;
			files = (
				5E63F3F92BD8CE3C00DD5401 /* Movie.swift in Sources */,
				5E6BC4912C076C3000C84EC7 /* SwiftDataMovieDetail.swift in Sources */,
				5E63F3E72BD6A99A00DD5401 /* VoidHandler.swift in Sources */,
				5E7167042BDD5917000E992B /* ViewState.swift in Sources */,
				5E7166F12BDAC1D5000E992B /* CountryDTO.swift in Sources */,
				5E6BC4B82C0794A200C84EC7 /* MoviesCollectionView.swift in Sources */,
				5E6BC4952C076DDC00C84EC7 /* NetworkService.swift in Sources */,
				5E6BC4AD2C07776800C84EC7 /* MoviesSimilars.swift in Sources */,
				5E7166F42BDAC272000E992B /* ActorsDTO.swift in Sources */,
				5E63F3D22BD69F1B00DD5401 /* Builder.swift in Sources */,
				5E7167092BDD5B0E000E992B /* UIView+Extension.swift in Sources */,
				5E6BC4A32C07715600C84EC7 /* MovieDetailsView.swift in Sources */,
				5E63F4022BD8D54500DD5401 /* RatingDTO.swift in Sources */,
				5E6BC4AB2C07775000C84EC7 /* MovieDetails.swift in Sources */,
				5E6BC4A92C0771BD00C84EC7 /* MovieDetailsRouter.swift in Sources */,
				5E6BC49D2C0770F900C84EC7 /* MoviesInteractor.swift in Sources */,
				5E6BC49F2C07711000C84EC7 /* MoviesPresentor.swift in Sources */,
				5E6BC49B2C0770D900C84EC7 /* MoviesView.swift in Sources */,
				5E63F4002BD8D52C00DD5401 /* BackdropDTO.swift in Sources */,
				5E63F3972BD68AB600DD5401 /* AppDelegate.swift in Sources */,
				5E6BC4A12C07712E00C84EC7 /* MoviesRouter.swift in Sources */,
				5E63F3FB2BD8CE7F00DD5401 /* MoviesDTO.swift in Sources */,
				5E6BC4AF2C07777C00C84EC7 /* MovieActor.swift in Sources */,
				5E63F3A12BD68AB600DD5401 /* CinemaStar.xcdatamodeld in Sources */,
				5E7166F92BDD50C0000E992B /* KeychainService.swift in Sources */,
				5E6BC4B12C0777F400C84EC7 /* CinemaStarApp.swift in Sources */,
				5E6BC4A52C07717F00C84EC7 /* MovieDetailsInteractor.swift in Sources */,
				5E7166F62BDAC2B7000E992B /* LanguageDTO.swift in Sources */,
				5E6BC4A72C0771A200C84EC7 /* MovieDetailsPresenter.swift in Sources */,
				5E6BC48F2C076BD600C84EC7 /* SwiftDataMovies.swift in Sources */,
				5E63F3992BD68AB600DD5401 /* SceneDelegate.swift in Sources */,
				5E7166EF2BDAC153000E992B /* PosterDTO.swift in Sources */,
				5E63F3FE2BD8D50E00DD5401 /* DocDTO.swift in Sources */,
			);
			runOnlyForDeploymentPostprocessing = 0;
		};
		5E63F3A82BD68AB800DD5401 /* Sources */ = {
			isa = PBXSourcesBuildPhase;
			buildActionMask = 2147483647;
			files = (
				5E6BC4C12C09281B00C84EC7 /* MoviesDetailInteractorTests.swift in Sources */,
				5E6BC4BF2C0926C300C84EC7 /* MoviesInteractorTests.swift in Sources */,
			);
			runOnlyForDeploymentPostprocessing = 0;
		};
		5E63F3B22BD68AB800DD5401 /* Sources */ = {
			isa = PBXSourcesBuildPhase;
			buildActionMask = 2147483647;
			files = (
			);
			runOnlyForDeploymentPostprocessing = 0;
		};
/* End PBXSourcesBuildPhase section */

/* Begin PBXTargetDependency section */
		5E63F3AE2BD68AB800DD5401 /* PBXTargetDependency */ = {
			isa = PBXTargetDependency;
			target = 5E63F3922BD68AB600DD5401 /* CinemaStar */;
			targetProxy = 5E63F3AD2BD68AB800DD5401 /* PBXContainerItemProxy */;
		};
		5E63F3B82BD68AB800DD5401 /* PBXTargetDependency */ = {
			isa = PBXTargetDependency;
			target = 5E63F3922BD68AB600DD5401 /* CinemaStar */;
			targetProxy = 5E63F3B72BD68AB800DD5401 /* PBXContainerItemProxy */;
		};
/* End PBXTargetDependency section */

/* Begin PBXVariantGroup section */
		5E63F3A42BD68AB700DD5401 /* LaunchScreen.storyboard */ = {
			isa = PBXVariantGroup;
			children = (
				5E63F3A52BD68AB700DD5401 /* Base */,
			);
			name = LaunchScreen.storyboard;
			sourceTree = "<group>";
		};
/* End PBXVariantGroup section */

/* Begin XCBuildConfiguration section */
		5E63F3BE2BD68AB800DD5401 /* Debug */ = {
			isa = XCBuildConfiguration;
			buildSettings = {
				ALWAYS_SEARCH_USER_PATHS = NO;
				CLANG_ANALYZER_NONNULL = YES;
				CLANG_ANALYZER_NUMBER_OBJECT_CONVERSION = YES_AGGRESSIVE;
				CLANG_CXX_LANGUAGE_STANDARD = "gnu++20";
				CLANG_ENABLE_MODULES = YES;
				CLANG_ENABLE_OBJC_ARC = YES;
				CLANG_ENABLE_OBJC_WEAK = YES;
				CLANG_WARN_BLOCK_CAPTURE_AUTORELEASING = YES;
				CLANG_WARN_BOOL_CONVERSION = YES;
				CLANG_WARN_COMMA = YES;
				CLANG_WARN_CONSTANT_CONVERSION = YES;
				CLANG_WARN_DEPRECATED_OBJC_IMPLEMENTATIONS = YES;
				CLANG_WARN_DIRECT_OBJC_ISA_USAGE = YES_ERROR;
				CLANG_WARN_DOCUMENTATION_COMMENTS = YES;
				CLANG_WARN_EMPTY_BODY = YES;
				CLANG_WARN_ENUM_CONVERSION = YES;
				CLANG_WARN_INFINITE_RECURSION = YES;
				CLANG_WARN_INT_CONVERSION = YES;
				CLANG_WARN_NON_LITERAL_NULL_CONVERSION = YES;
				CLANG_WARN_OBJC_IMPLICIT_RETAIN_SELF = YES;
				CLANG_WARN_OBJC_LITERAL_CONVERSION = YES;
				CLANG_WARN_OBJC_ROOT_CLASS = YES_ERROR;
				CLANG_WARN_QUOTED_INCLUDE_IN_FRAMEWORK_HEADER = YES;
				CLANG_WARN_RANGE_LOOP_ANALYSIS = YES;
				CLANG_WARN_STRICT_PROTOTYPES = YES;
				CLANG_WARN_SUSPICIOUS_MOVE = YES;
				CLANG_WARN_UNGUARDED_AVAILABILITY = YES_AGGRESSIVE;
				CLANG_WARN_UNREACHABLE_CODE = YES;
				CLANG_WARN__DUPLICATE_METHOD_MATCH = YES;
				COPY_PHASE_STRIP = NO;
				DEBUG_INFORMATION_FORMAT = dwarf;
				ENABLE_STRICT_OBJC_MSGSEND = YES;
				ENABLE_TESTABILITY = YES;
				GCC_C_LANGUAGE_STANDARD = gnu11;
				GCC_DYNAMIC_NO_PIC = NO;
				GCC_NO_COMMON_BLOCKS = YES;
				GCC_OPTIMIZATION_LEVEL = 0;
				GCC_PREPROCESSOR_DEFINITIONS = (
					"DEBUG=1",
					"$(inherited)",
				);
				GCC_WARN_64_TO_32_BIT_CONVERSION = YES;
				GCC_WARN_ABOUT_RETURN_TYPE = YES_ERROR;
				GCC_WARN_UNDECLARED_SELECTOR = YES;
				GCC_WARN_UNINITIALIZED_AUTOS = YES_AGGRESSIVE;
				GCC_WARN_UNUSED_FUNCTION = YES;
				GCC_WARN_UNUSED_VARIABLE = YES;
				IPHONEOS_DEPLOYMENT_TARGET = 16.4;
				MTL_ENABLE_DEBUG_INFO = INCLUDE_SOURCE;
				MTL_FAST_MATH = YES;
				ONLY_ACTIVE_ARCH = YES;
				SDKROOT = iphoneos;
				SWIFT_ACTIVE_COMPILATION_CONDITIONS = DEBUG;
				SWIFT_OPTIMIZATION_LEVEL = "-Onone";
			};
			name = Debug;
		};
		5E63F3BF2BD68AB800DD5401 /* Release */ = {
			isa = XCBuildConfiguration;
			buildSettings = {
				ALWAYS_SEARCH_USER_PATHS = NO;
				CLANG_ANALYZER_NONNULL = YES;
				CLANG_ANALYZER_NUMBER_OBJECT_CONVERSION = YES_AGGRESSIVE;
				CLANG_CXX_LANGUAGE_STANDARD = "gnu++20";
				CLANG_ENABLE_MODULES = YES;
				CLANG_ENABLE_OBJC_ARC = YES;
				CLANG_ENABLE_OBJC_WEAK = YES;
				CLANG_WARN_BLOCK_CAPTURE_AUTORELEASING = YES;
				CLANG_WARN_BOOL_CONVERSION = YES;
				CLANG_WARN_COMMA = YES;
				CLANG_WARN_CONSTANT_CONVERSION = YES;
				CLANG_WARN_DEPRECATED_OBJC_IMPLEMENTATIONS = YES;
				CLANG_WARN_DIRECT_OBJC_ISA_USAGE = YES_ERROR;
				CLANG_WARN_DOCUMENTATION_COMMENTS = YES;
				CLANG_WARN_EMPTY_BODY = YES;
				CLANG_WARN_ENUM_CONVERSION = YES;
				CLANG_WARN_INFINITE_RECURSION = YES;
				CLANG_WARN_INT_CONVERSION = YES;
				CLANG_WARN_NON_LITERAL_NULL_CONVERSION = YES;
				CLANG_WARN_OBJC_IMPLICIT_RETAIN_SELF = YES;
				CLANG_WARN_OBJC_LITERAL_CONVERSION = YES;
				CLANG_WARN_OBJC_ROOT_CLASS = YES_ERROR;
				CLANG_WARN_QUOTED_INCLUDE_IN_FRAMEWORK_HEADER = YES;
				CLANG_WARN_RANGE_LOOP_ANALYSIS = YES;
				CLANG_WARN_STRICT_PROTOTYPES = YES;
				CLANG_WARN_SUSPICIOUS_MOVE = YES;
				CLANG_WARN_UNGUARDED_AVAILABILITY = YES_AGGRESSIVE;
				CLANG_WARN_UNREACHABLE_CODE = YES;
				CLANG_WARN__DUPLICATE_METHOD_MATCH = YES;
				COPY_PHASE_STRIP = NO;
				DEBUG_INFORMATION_FORMAT = "dwarf-with-dsym";
				ENABLE_NS_ASSERTIONS = NO;
				ENABLE_STRICT_OBJC_MSGSEND = YES;
				GCC_C_LANGUAGE_STANDARD = gnu11;
				GCC_NO_COMMON_BLOCKS = YES;
				GCC_WARN_64_TO_32_BIT_CONVERSION = YES;
				GCC_WARN_ABOUT_RETURN_TYPE = YES_ERROR;
				GCC_WARN_UNDECLARED_SELECTOR = YES;
				GCC_WARN_UNINITIALIZED_AUTOS = YES_AGGRESSIVE;
				GCC_WARN_UNUSED_FUNCTION = YES;
				GCC_WARN_UNUSED_VARIABLE = YES;
				IPHONEOS_DEPLOYMENT_TARGET = 16.4;
				MTL_ENABLE_DEBUG_INFO = NO;
				MTL_FAST_MATH = YES;
				SDKROOT = iphoneos;
				SWIFT_COMPILATION_MODE = wholemodule;
				SWIFT_OPTIMIZATION_LEVEL = "-O";
				VALIDATE_PRODUCT = YES;
			};
			name = Release;
		};
		5E63F3C12BD68AB800DD5401 /* Debug */ = {
			isa = XCBuildConfiguration;
			buildSettings = {
				ASSETCATALOG_COMPILER_APPICON_NAME = AppIcon;
				ASSETCATALOG_COMPILER_GLOBAL_ACCENT_COLOR_NAME = AccentColor;
				CODE_SIGN_STYLE = Automatic;
				CURRENT_PROJECT_VERSION = 1;
				DEVELOPMENT_TEAM = H39H54675P;
				GENERATE_INFOPLIST_FILE = YES;
				INFOPLIST_FILE = CinemaStar/Info.plist;
				INFOPLIST_KEY_UIApplicationSupportsIndirectInputEvents = YES;
				INFOPLIST_KEY_UILaunchStoryboardName = LaunchScreen;
				INFOPLIST_KEY_UISupportedInterfaceOrientations_iPad = "UIInterfaceOrientationPortrait UIInterfaceOrientationPortraitUpsideDown UIInterfaceOrientationLandscapeLeft UIInterfaceOrientationLandscapeRight";
				INFOPLIST_KEY_UISupportedInterfaceOrientations_iPhone = "UIInterfaceOrientationPortrait UIInterfaceOrientationLandscapeLeft UIInterfaceOrientationLandscapeRight";
				IPHONEOS_DEPLOYMENT_TARGET = 17.4;
				LD_RUNPATH_SEARCH_PATHS = (
					"$(inherited)",
					"@executable_path/Frameworks",
				);
				MARKETING_VERSION = 1.0;
				PRODUCT_BUNDLE_IDENTIFIER = kshilina.CinemaStar;
				PRODUCT_NAME = "$(TARGET_NAME)";
				SWIFT_EMIT_LOC_STRINGS = YES;
				SWIFT_VERSION = 5.0;
				TARGETED_DEVICE_FAMILY = "1,2";
			};
			name = Debug;
		};
		5E63F3C22BD68AB800DD5401 /* Release */ = {
			isa = XCBuildConfiguration;
			buildSettings = {
				ASSETCATALOG_COMPILER_APPICON_NAME = AppIcon;
				ASSETCATALOG_COMPILER_GLOBAL_ACCENT_COLOR_NAME = AccentColor;
				CODE_SIGN_STYLE = Automatic;
				CURRENT_PROJECT_VERSION = 1;
				DEVELOPMENT_TEAM = H39H54675P;
				GENERATE_INFOPLIST_FILE = YES;
				INFOPLIST_FILE = CinemaStar/Info.plist;
				INFOPLIST_KEY_UIApplicationSupportsIndirectInputEvents = YES;
				INFOPLIST_KEY_UILaunchStoryboardName = LaunchScreen;
				INFOPLIST_KEY_UISupportedInterfaceOrientations_iPad = "UIInterfaceOrientationPortrait UIInterfaceOrientationPortraitUpsideDown UIInterfaceOrientationLandscapeLeft UIInterfaceOrientationLandscapeRight";
				INFOPLIST_KEY_UISupportedInterfaceOrientations_iPhone = "UIInterfaceOrientationPortrait UIInterfaceOrientationLandscapeLeft UIInterfaceOrientationLandscapeRight";
				IPHONEOS_DEPLOYMENT_TARGET = 17.4;
				LD_RUNPATH_SEARCH_PATHS = (
					"$(inherited)",
					"@executable_path/Frameworks",
				);
				MARKETING_VERSION = 1.0;
				PRODUCT_BUNDLE_IDENTIFIER = kshilina.CinemaStar;
				PRODUCT_NAME = "$(TARGET_NAME)";
				SWIFT_EMIT_LOC_STRINGS = YES;
				SWIFT_VERSION = 5.0;
				TARGETED_DEVICE_FAMILY = "1,2";
			};
			name = Release;
		};
		5E63F3C42BD68AB800DD5401 /* Debug */ = {
			isa = XCBuildConfiguration;
			buildSettings = {
				ALWAYS_EMBED_SWIFT_STANDARD_LIBRARIES = YES;
				BUNDLE_LOADER = "$(TEST_HOST)";
				CLANG_ENABLE_MODULES = YES;
				CODE_SIGN_STYLE = Automatic;
				CURRENT_PROJECT_VERSION = 1;
				DEVELOPMENT_TEAM = H39H54675P;
				GENERATE_INFOPLIST_FILE = YES;
				IPHONEOS_DEPLOYMENT_TARGET = 17.4;
				MARKETING_VERSION = 1.0;
				PRODUCT_BUNDLE_IDENTIFIER = kshilina.CinemaStarTests;
				PRODUCT_NAME = "$(TARGET_NAME)";
				SWIFT_EMIT_LOC_STRINGS = NO;
				SWIFT_OBJC_BRIDGING_HEADER = "CinemaStar/CinemaStarTests-Bridging-Header.h";
				SWIFT_OPTIMIZATION_LEVEL = "-Onone";
				SWIFT_VERSION = 5.0;
				TARGETED_DEVICE_FAMILY = "1,2";
				TEST_HOST = "$(BUILT_PRODUCTS_DIR)/CinemaStar.app/$(BUNDLE_EXECUTABLE_FOLDER_PATH)/CinemaStar";
			};
			name = Debug;
		};
		5E63F3C52BD68AB800DD5401 /* Release */ = {
			isa = XCBuildConfiguration;
			buildSettings = {
				ALWAYS_EMBED_SWIFT_STANDARD_LIBRARIES = YES;
				BUNDLE_LOADER = "$(TEST_HOST)";
				CLANG_ENABLE_MODULES = YES;
				CODE_SIGN_STYLE = Automatic;
				CURRENT_PROJECT_VERSION = 1;
				DEVELOPMENT_TEAM = H39H54675P;
				GENERATE_INFOPLIST_FILE = YES;
				IPHONEOS_DEPLOYMENT_TARGET = 17.4;
				MARKETING_VERSION = 1.0;
				PRODUCT_BUNDLE_IDENTIFIER = kshilina.CinemaStarTests;
				PRODUCT_NAME = "$(TARGET_NAME)";
				SWIFT_EMIT_LOC_STRINGS = NO;
				SWIFT_OBJC_BRIDGING_HEADER = "CinemaStar/CinemaStarTests-Bridging-Header.h";
				SWIFT_VERSION = 5.0;
				TARGETED_DEVICE_FAMILY = "1,2";
				TEST_HOST = "$(BUILT_PRODUCTS_DIR)/CinemaStar.app/$(BUNDLE_EXECUTABLE_FOLDER_PATH)/CinemaStar";
			};
			name = Release;
		};
		5E63F3C72BD68AB800DD5401 /* Debug */ = {
			isa = XCBuildConfiguration;
			buildSettings = {
				ALWAYS_EMBED_SWIFT_STANDARD_LIBRARIES = YES;
				CODE_SIGN_STYLE = Automatic;
				CURRENT_PROJECT_VERSION = 1;
				DEVELOPMENT_TEAM = H39H54675P;
				GENERATE_INFOPLIST_FILE = YES;
				MARKETING_VERSION = 1.0;
				PRODUCT_BUNDLE_IDENTIFIER = kshilina.CinemaStarUITests;
				PRODUCT_NAME = "$(TARGET_NAME)";
				SWIFT_EMIT_LOC_STRINGS = NO;
				SWIFT_VERSION = 5.0;
				TARGETED_DEVICE_FAMILY = "1,2";
				TEST_TARGET_NAME = CinemaStar;
			};
			name = Debug;
		};
		5E63F3C82BD68AB800DD5401 /* Release */ = {
			isa = XCBuildConfiguration;
			buildSettings = {
				ALWAYS_EMBED_SWIFT_STANDARD_LIBRARIES = YES;
				CODE_SIGN_STYLE = Automatic;
				CURRENT_PROJECT_VERSION = 1;
				DEVELOPMENT_TEAM = H39H54675P;
				GENERATE_INFOPLIST_FILE = YES;
				MARKETING_VERSION = 1.0;
				PRODUCT_BUNDLE_IDENTIFIER = kshilina.CinemaStarUITests;
				PRODUCT_NAME = "$(TARGET_NAME)";
				SWIFT_EMIT_LOC_STRINGS = NO;
				SWIFT_VERSION = 5.0;
				TARGETED_DEVICE_FAMILY = "1,2";
				TEST_TARGET_NAME = CinemaStar;
			};
			name = Release;
		};
/* End XCBuildConfiguration section */

/* Begin XCConfigurationList section */
		5E63F38E2BD68AB600DD5401 /* Build configuration list for PBXProject "CinemaStar" */ = {
			isa = XCConfigurationList;
			buildConfigurations = (
				5E63F3BE2BD68AB800DD5401 /* Debug */,
				5E63F3BF2BD68AB800DD5401 /* Release */,
			);
			defaultConfigurationIsVisible = 0;
			defaultConfigurationName = Release;
		};
		5E63F3C02BD68AB800DD5401 /* Build configuration list for PBXNativeTarget "CinemaStar" */ = {
			isa = XCConfigurationList;
			buildConfigurations = (
				5E63F3C12BD68AB800DD5401 /* Debug */,
				5E63F3C22BD68AB800DD5401 /* Release */,
			);
			defaultConfigurationIsVisible = 0;
			defaultConfigurationName = Release;
		};
		5E63F3C32BD68AB800DD5401 /* Build configuration list for PBXNativeTarget "CinemaStarTests" */ = {
			isa = XCConfigurationList;
			buildConfigurations = (
				5E63F3C42BD68AB800DD5401 /* Debug */,
				5E63F3C52BD68AB800DD5401 /* Release */,
			);
			defaultConfigurationIsVisible = 0;
			defaultConfigurationName = Release;
		};
		5E63F3C62BD68AB800DD5401 /* Build configuration list for PBXNativeTarget "CinemaStarUITests" */ = {
			isa = XCConfigurationList;
			buildConfigurations = (
				5E63F3C72BD68AB800DD5401 /* Debug */,
				5E63F3C82BD68AB800DD5401 /* Release */,
			);
			defaultConfigurationIsVisible = 0;
			defaultConfigurationName = Release;
		};
/* End XCConfigurationList section */

/* Begin XCRemoteSwiftPackageReference section */
		5E7166FA2BDD51FF000E992B /* XCRemoteSwiftPackageReference "keychain-swift" */ = {
			isa = XCRemoteSwiftPackageReference;
			repositoryURL = "https://github.com/evgenyneu/keychain-swift";
			requirement = {
				kind = upToNextMajorVersion;
				minimumVersion = 24.0.0;
			};
		};
/* End XCRemoteSwiftPackageReference section */

/* Begin XCSwiftPackageProductDependency section */
		5E7166FB2BDD51FF000E992B /* KeychainSwift */ = {
			isa = XCSwiftPackageProductDependency;
			package = 5E7166FA2BDD51FF000E992B /* XCRemoteSwiftPackageReference "keychain-swift" */;
			productName = KeychainSwift;
		};
/* End XCSwiftPackageProductDependency section */

/* Begin XCVersionGroup section */
		5E63F39F2BD68AB600DD5401 /* CinemaStar.xcdatamodeld */ = {
			isa = XCVersionGroup;
			children = (
				5E63F3A02BD68AB600DD5401 /* CinemaStar.xcdatamodel */,
			);
			currentVersion = 5E63F3A02BD68AB600DD5401 /* CinemaStar.xcdatamodel */;
			path = CinemaStar.xcdatamodeld;
			sourceTree = "<group>";
			versionGroupType = wrapper.xcdatamodel;
		};
/* End XCVersionGroup section */
	};
	rootObject = 5E63F38B2BD68AB600DD5401 /* Project object */;
}
